PODS:
  - Alamofire (4.6.0)
  - Heimdall (1.1.3)
  - JSONModel (1.7.0)

DEPENDENCIES:
  - Alamofire (~> 4.6.0)
  - Heimdall (~> 1.1.3)
  - JSONModel (~> 1.7.0)

SPEC CHECKSUMS:
  Alamofire: f41a599bd63041760b26d393ec1069d9d7b917f4
  Heimdall: a2094b2f024a6da346da2eda4b75c21babb91d38
  JSONModel: 840bc0fcffb24b8454d2c026bf26fea454b8e98d

PODFILE CHECKSUM: 0bc3e56a700ba9d33b5b6760a7d60dda6762b203

COCOAPODS: 1.4.0.beta.2
