// !$*UTF8*$!
{
	archiveVersion = 1;
	classes = {
	};
	objectVersion = 46;
	objects = {

/* Begin PBXBuildFile section */
		0E9137CA8BE8A584FA376DF5 /* Pods_DemoSwift.framework in Frameworks */ = {isa = PBXBuildFile; fileRef = 66CDD1B33D8731AC7CC57026 /* Pods_DemoSwift.framework */; };
		1EF526CF1D367272008C50CC /* ExtensionNSUUID.swift in Sources */ = {isa = PBXBuildFile; fileRef = 1EF526CE1D367272008C50CC /* ExtensionNSUUID.swift */; };
		23FD3A0D78B0C76FD249733D /* Pods_MobileConnectSDKTests.framework in Frameworks */ = {isa = PBXBuildFile; fileRef = B15286BEB32D067DFADBD499 /* Pods_MobileConnectSDKTests.framework */; };
		3C24E7C71D0C2D5000D7634A /* MCService.swift in Sources */ = {isa = PBXBuildFile; fileRef = 3C24E7C61D0C2D5000D7634A /* MCService.swift */; };
		3C24E7D41D0C323800D7634A /* DSService.swift in Sources */ = {isa = PBXBuildFile; fileRef = 3C24E7D31D0C323800D7634A /* DSService.swift */; };
		3C36B85D1D05B99800A997E3 /* Images.xcassets in Resources */ = {isa = PBXBuildFile; fileRef = 3C36B85C1D05B99800A997E3 /* Images.xcassets */; };
		3C36B85F1D05B9A600A997E3 /* WebController.storyboard in Resources */ = {isa = PBXBuildFile; fileRef = 3C36B85E1D05B9A600A997E3 /* WebController.storyboard */; };
		3C36B8661D05BFE000A997E3 /* MobileConnectManager.swift in Sources */ = {isa = PBXBuildFile; fileRef = 3C36B8651D05BFE000A997E3 /* MobileConnectManager.swift */; };
		3C36EF001D09FC3100297A17 /* MobileConnectSDK.swift in Sources */ = {isa = PBXBuildFile; fileRef = 3C36EEFF1D09FC3100297A17 /* MobileConnectSDK.swift */; };
		3C36EF041D0A19D200297A17 /* MobileConnectService.swift in Sources */ = {isa = PBXBuildFile; fileRef = 3C36EF031D0A19D200297A17 /* MobileConnectService.swift */; };
		3C36EF061D0A3EFF00297A17 /* MCRequestConstructor.swift in Sources */ = {isa = PBXBuildFile; fileRef = 3C36EF051D0A3EFF00297A17 /* MCRequestConstructor.swift */; };
		3C3F82D61D04C7C8006EE8F4 /* MobileConnectSDK.h in Headers */ = {isa = PBXBuildFile; fileRef = 3C3F82D51D04C7C8006EE8F4 /* MobileConnectSDK.h */; settings = {ATTRIBUTES = (Public, ); }; };
		3C401A1F1D0EB36700F73EA5 /* APISModel.h in Headers */ = {isa = PBXBuildFile; fileRef = 3C401A091D0EB36700F73EA5 /* APISModel.h */; settings = {ATTRIBUTES = (Public, ); }; };
		3C401A201D0EB36700F73EA5 /* APISModel.m in Sources */ = {isa = PBXBuildFile; fileRef = 3C401A0A1D0EB36700F73EA5 /* APISModel.m */; };
		3C401A211D0EB36700F73EA5 /* AuthorizationModel.h in Headers */ = {isa = PBXBuildFile; fileRef = 3C401A0B1D0EB36700F73EA5 /* AuthorizationModel.h */; settings = {ATTRIBUTES = (Public, ); }; };
		3C401A221D0EB36700F73EA5 /* AuthorizationModel.m in Sources */ = {isa = PBXBuildFile; fileRef = 3C401A0C1D0EB36700F73EA5 /* AuthorizationModel.m */; };
		3C401A231D0EB36700F73EA5 /* DiscoveryResponse.h in Headers */ = {isa = PBXBuildFile; fileRef = 3C401A0D1D0EB36700F73EA5 /* DiscoveryResponse.h */; settings = {ATTRIBUTES = (Public, ); }; };
		3C401A241D0EB36700F73EA5 /* DiscoveryResponse.m in Sources */ = {isa = PBXBuildFile; fileRef = 3C401A0E1D0EB36700F73EA5 /* DiscoveryResponse.m */; };
		3C401A251D0EB36700F73EA5 /* LinkModel.h in Headers */ = {isa = PBXBuildFile; fileRef = 3C401A0F1D0EB36700F73EA5 /* LinkModel.h */; settings = {ATTRIBUTES = (Public, ); }; };
		3C401A261D0EB36700F73EA5 /* LinkModel.m in Sources */ = {isa = PBXBuildFile; fileRef = 3C401A101D0EB36700F73EA5 /* LinkModel.m */; };
		3C401A271D0EB36700F73EA5 /* MCError.h in Headers */ = {isa = PBXBuildFile; fileRef = 3C401A111D0EB36700F73EA5 /* MCError.h */; settings = {ATTRIBUTES = (Public, ); }; };
		3C401A281D0EB36700F73EA5 /* MCError.m in Sources */ = {isa = PBXBuildFile; fileRef = 3C401A121D0EB36700F73EA5 /* MCError.m */; };
		3C401A2B1D0EB36700F73EA5 /* MCModel.h in Headers */ = {isa = PBXBuildFile; fileRef = 3C401A151D0EB36700F73EA5 /* MCModel.h */; settings = {ATTRIBUTES = (Public, ); }; };
		3C401A2C1D0EB36700F73EA5 /* MCModel.m in Sources */ = {isa = PBXBuildFile; fileRef = 3C401A161D0EB36700F73EA5 /* MCModel.m */; };
		3C401A2D1D0EB36700F73EA5 /* OperatorDataRedirectModel.h in Headers */ = {isa = PBXBuildFile; fileRef = 3C401A171D0EB36700F73EA5 /* OperatorDataRedirectModel.h */; settings = {ATTRIBUTES = (Public, ); }; };
		3C401A2E1D0EB36700F73EA5 /* OperatorDataRedirectModel.m in Sources */ = {isa = PBXBuildFile; fileRef = 3C401A181D0EB36700F73EA5 /* OperatorDataRedirectModel.m */; };
		3C401A301D0EB36700F73EA5 /* OperatorDataResponse.m in Sources */ = {isa = PBXBuildFile; fileRef = 3C401A1A1D0EB36700F73EA5 /* OperatorDataResponse.m */; };
		3C401A321D0EB36700F73EA5 /* OperatorIdModel.m in Sources */ = {isa = PBXBuildFile; fileRef = 3C401A1C1D0EB36700F73EA5 /* OperatorIdModel.m */; };
		3C401A331D0EB36700F73EA5 /* TokenModel.h in Headers */ = {isa = PBXBuildFile; fileRef = 3C401A1D1D0EB36700F73EA5 /* TokenModel.h */; settings = {ATTRIBUTES = (Public, ); }; };
		3C401A341D0EB36700F73EA5 /* TokenModel.m in Sources */ = {isa = PBXBuildFile; fileRef = 3C401A1E1D0EB36700F73EA5 /* TokenModel.m */; };
		3C401A371D0EB43600F73EA5 /* TokenResponseModel.h in Headers */ = {isa = PBXBuildFile; fileRef = 3C401A351D0EB43600F73EA5 /* TokenResponseModel.h */; settings = {ATTRIBUTES = (Public, ); }; };
		3C401A381D0EB43600F73EA5 /* TokenResponseModel.m in Sources */ = {isa = PBXBuildFile; fileRef = 3C401A361D0EB43600F73EA5 /* TokenResponseModel.m */; };
		3C72CF0B1D05F77100A095ED /* WebControllerProtocol.swift in Sources */ = {isa = PBXBuildFile; fileRef = 3C72CF0A1D05F77100A095ED /* WebControllerProtocol.swift */; };
		3C72CF121D0649B700A095ED /* Constants.swift in Sources */ = {isa = PBXBuildFile; fileRef = 3C72CF111D0649B700A095ED /* Constants.swift */; };
		3C72CF151D064B7500A095ED /* Localizable.strings in Resources */ = {isa = PBXBuildFile; fileRef = 3C72CF141D064B7500A095ED /* Localizable.strings */; };
		3C72CF171D064BF100A095ED /* Localizator.swift in Sources */ = {isa = PBXBuildFile; fileRef = 3C72CF161D064BF100A095ED /* Localizator.swift */; };
		3C72CF3B1D069D1100A095ED /* DiscoveryService.swift in Sources */ = {isa = PBXBuildFile; fileRef = 3C72CF3A1D069D1100A095ED /* DiscoveryService.swift */; };
		3C72CF401D06AD1900A095ED /* ExtensionNSException.swift in Sources */ = {isa = PBXBuildFile; fileRef = 3C72CF3F1D06AD1900A095ED /* ExtensionNSException.swift */; };
		3C72CF481D06D84900A095ED /* ExtensionDictionary.swift in Sources */ = {isa = PBXBuildFile; fileRef = 3C72CF471D06D84900A095ED /* ExtensionDictionary.swift */; };
		3C7B07F81D3626DA009225AC /* ExtensionMetadataModel.swift in Sources */ = {isa = PBXBuildFile; fileRef = 3C7B07F71D3626DA009225AC /* ExtensionMetadataModel.swift */; };
		3C8F38111D0868ED0051BBB1 /* Resources.swift in Sources */ = {isa = PBXBuildFile; fileRef = 3C8F38101D0868ED0051BBB1 /* Resources.swift */; };
		3C8F38161D086FBB0051BBB1 /* DiscoveryRequestConstructor.swift in Sources */ = {isa = PBXBuildFile; fileRef = 3C8F38141D086FBB0051BBB1 /* DiscoveryRequestConstructor.swift */; };
		3C8F38171D086FBB0051BBB1 /* RequestConstructor.swift in Sources */ = {isa = PBXBuildFile; fileRef = 3C8F38151D086FBB0051BBB1 /* RequestConstructor.swift */; };
		3C8F38191D086FE00051BBB1 /* Authorizer.swift in Sources */ = {isa = PBXBuildFile; fileRef = 3C8F38181D086FE00051BBB1 /* Authorizer.swift */; };
		3CCA570E1D64A846004CE16A /* BaseMobileConnectService.swift in Sources */ = {isa = PBXBuildFile; fileRef = 3CCA570A1D64A846004CE16A /* BaseMobileConnectService.swift */; };
		3CCA570F1D64A846004CE16A /* BaseMobileConnectServiceExtensions.swift in Sources */ = {isa = PBXBuildFile; fileRef = 3CCA570B1D64A846004CE16A /* BaseMobileConnectServiceExtensions.swift */; };
		3CCA57101D64A846004CE16A /* BaseMobileConnectServiceHelper.swift in Sources */ = {isa = PBXBuildFile; fileRef = 3CCA570C1D64A846004CE16A /* BaseMobileConnectServiceHelper.swift */; };
		3CCA57111D64A846004CE16A /* BaseServiceConfiguration.swift in Sources */ = {isa = PBXBuildFile; fileRef = 3CCA570D1D64A846004CE16A /* BaseServiceConfiguration.swift */; };
		3CD791721D0571250023FD0A /* WebController.swift in Sources */ = {isa = PBXBuildFile; fileRef = 3CD791711D0571250023FD0A /* WebController.swift */; };
		3CD791741D0571450023FD0A /* MobileConnectButton.swift in Sources */ = {isa = PBXBuildFile; fileRef = 3CD791731D0571450023FD0A /* MobileConnectButton.swift */; };
		4377E6FC2F3E90B75A81A30F /* Pods_MobileConnectSDK.framework in Frameworks */ = {isa = PBXBuildFile; fileRef = F2409E5CC1E21A952302B257 /* Pods_MobileConnectSDK.framework */; };
		6C3ECA2F1D93F03100A58D40 /* RefreshTokenRequestConstructor.swift in Sources */ = {isa = PBXBuildFile; fileRef = 6C3ECA2E1D93F03100A58D40 /* RefreshTokenRequestConstructor.swift */; };
		6C3ECA321D93F3E900A58D40 /* RefreshTokenService.swift in Sources */ = {isa = PBXBuildFile; fileRef = 6C3ECA311D93F3E900A58D40 /* RefreshTokenService.swift */; };
		6C3ECA551D99117C00A58D40 /* RefreshTokenModel.h in Headers */ = {isa = PBXBuildFile; fileRef = 6C3ECA531D99117C00A58D40 /* RefreshTokenModel.h */; settings = {ATTRIBUTES = (Public, ); }; };
		6C3ECA561D99117C00A58D40 /* RefreshTokenModel.m in Sources */ = {isa = PBXBuildFile; fileRef = 6C3ECA541D99117C00A58D40 /* RefreshTokenModel.m */; };
		6C4C05291D61CB77008B1AB7 /* AttributeService.swift in Sources */ = {isa = PBXBuildFile; fileRef = 6C4C05281D61CB77008B1AB7 /* AttributeService.swift */; };
		6C4C052B1D61FBE6008B1AB7 /* BaseMobileConnectServiceRequest.swift in Sources */ = {isa = PBXBuildFile; fileRef = 6C4C052A1D61FBE6008B1AB7 /* BaseMobileConnectServiceRequest.swift */; };
		6C4C052E1D632C34008B1AB7 /* AttributeResponseModel.h in Headers */ = {isa = PBXBuildFile; fileRef = 6C4C052C1D632C34008B1AB7 /* AttributeResponseModel.h */; settings = {ATTRIBUTES = (Public, ); }; };
		6C4C052F1D632C34008B1AB7 /* AttributeResponseModel.m in Sources */ = {isa = PBXBuildFile; fileRef = 6C4C052D1D632C34008B1AB7 /* AttributeResponseModel.m */; };
		6C552BF41D81645A00395A4E /* AuthorizationConfigurationParameters.h in Headers */ = {isa = PBXBuildFile; fileRef = 6C552BF21D81645A00395A4E /* AuthorizationConfigurationParameters.h */; settings = {ATTRIBUTES = (Public, ); }; };
		6C552BF51D81645A00395A4E /* AuthorizationConfigurationParameters.m in Sources */ = {isa = PBXBuildFile; fileRef = 6C552BF31D81645A00395A4E /* AuthorizationConfigurationParameters.m */; };
		6C5C7ED61D5DC357003D1F7B /* InfoRequestConstructor.swift in Sources */ = {isa = PBXBuildFile; fileRef = 6C5C7ED51D5DC357003D1F7B /* InfoRequestConstructor.swift */; };
		6CA790761DA64FE100581CB6 /* LoginHint.swift in Sources */ = {isa = PBXBuildFile; fileRef = 6CA790751DA64FE100581CB6 /* LoginHint.swift */; };
		6CA790791DA68B2D00581CB6 /* UserInfoResponse.h in Headers */ = {isa = PBXBuildFile; fileRef = 6CA790771DA68B2D00581CB6 /* UserInfoResponse.h */; settings = {ATTRIBUTES = (Public, ); }; };
		6CA7907A1DA68B2D00581CB6 /* UserInfoResponse.m in Sources */ = {isa = PBXBuildFile; fileRef = 6CA790781DA68B2D00581CB6 /* UserInfoResponse.m */; };
		6CA7907D1DA68EF500581CB6 /* UserInfoService.swift in Sources */ = {isa = PBXBuildFile; fileRef = 6CA7907C1DA68EF500581CB6 /* UserInfoService.swift */; };
		6CB619301D89826A000D01F5 /* DemoAppViewController.swift in Sources */ = {isa = PBXBuildFile; fileRef = 6CB619291D89826A000D01F5 /* DemoAppViewController.swift */; };
		6CB619311D89826A000D01F5 /* WithoutDiscoveryViewController.swift in Sources */ = {isa = PBXBuildFile; fileRef = 6CB6192A1D89826A000D01F5 /* WithoutDiscoveryViewController.swift */; };
		6CB619351D89826A000D01F5 /* MainViewController.swift in Sources */ = {isa = PBXBuildFile; fileRef = 6CB6192E1D89826A000D01F5 /* MainViewController.swift */; };
		6CB619361D89826A000D01F5 /* ResultViewController.swift in Sources */ = {isa = PBXBuildFile; fileRef = 6CB6192F1D89826A000D01F5 /* ResultViewController.swift */; };
		6CB619391D8AB53C000D01F5 /* RevokeTokenService.swift in Sources */ = {isa = PBXBuildFile; fileRef = 6CB619381D8AB53C000D01F5 /* RevokeTokenService.swift */; };
		6CB6193B1D8ADB49000D01F5 /* RevokeTokenRequestConstructor.swift in Sources */ = {isa = PBXBuildFile; fileRef = 6CB6193A1D8ADB49000D01F5 /* RevokeTokenRequestConstructor.swift */; };
		A63653A51D20366700A8A6E2 /* MobileConnectSDK.framework in Frameworks */ = {isa = PBXBuildFile; fileRef = 3C3F82D21D04C7C8006EE8F4 /* MobileConnectSDK.framework */; };
		A63653B21D20367E00A8A6E2 /* AppDelegate.swift in Sources */ = {isa = PBXBuildFile; fileRef = A63653B11D20367E00A8A6E2 /* AppDelegate.swift */; };
		A63653B91D20367F00A8A6E2 /* Assets.xcassets in Resources */ = {isa = PBXBuildFile; fileRef = A63653B81D20367F00A8A6E2 /* Assets.xcassets */; };
		A63653BC1D20367F00A8A6E2 /* LaunchScreen.storyboard in Resources */ = {isa = PBXBuildFile; fileRef = A63653BA1D20367F00A8A6E2 /* LaunchScreen.storyboard */; };
		A669468B1D4567090014DDF8 /* MobileConnectSDK.podspec in Resources */ = {isa = PBXBuildFile; fileRef = A669468A1D4567090014DDF8 /* MobileConnectSDK.podspec */; };
		A6B5803A1D241E5700640E17 /* ExtensionDiscoveryResponse.swift in Sources */ = {isa = PBXBuildFile; fileRef = A6B580391D241E5700640E17 /* ExtensionDiscoveryResponse.swift */; };
		A6B5803D1D24304200640E17 /* MetadataModel.h in Headers */ = {isa = PBXBuildFile; fileRef = A6B5803B1D24304200640E17 /* MetadataModel.h */; settings = {ATTRIBUTES = (Public, ); }; };
		A6B5803E1D24304200640E17 /* MetadataModel.m in Sources */ = {isa = PBXBuildFile; fileRef = A6B5803C1D24304200640E17 /* MetadataModel.m */; };
		A6B948A31D5377DD006A8A4E /* .swiftlint.yml in Resources */ = {isa = PBXBuildFile; fileRef = A6B948A21D5377DD006A8A4E /* .swiftlint.yml */; };
		A6DD33A11D2FC49B0041FBD9 /* MobileConnectProduct.h in Headers */ = {isa = PBXBuildFile; fileRef = A6DD339F1D2FC49B0041FBD9 /* MobileConnectProduct.h */; settings = {ATTRIBUTES = (Public, ); }; };
		A6DD33A21D2FC49B0041FBD9 /* MobileConnectProduct.m in Sources */ = {isa = PBXBuildFile; fileRef = A6DD33A01D2FC49B0041FBD9 /* MobileConnectProduct.m */; };
		A6E6E9E01D75CC3600DD64B3 /* JWTConstants.swift in Sources */ = {isa = PBXBuildFile; fileRef = A6E6E9DC1D75CC3600DD64B3 /* JWTConstants.swift */; };
		A6E6E9E11D75CC3600DD64B3 /* JWTDecoder.swift in Sources */ = {isa = PBXBuildFile; fileRef = A6E6E9DD1D75CC3600DD64B3 /* JWTDecoder.swift */; };
		A6E6E9E21D75CC3600DD64B3 /* JWTManager.swift in Sources */ = {isa = PBXBuildFile; fileRef = A6E6E9DE1D75CC3600DD64B3 /* JWTManager.swift */; };
		A6E6E9E31D75CC3600DD64B3 /* PublicKey.swift in Sources */ = {isa = PBXBuildFile; fileRef = A6E6E9DF1D75CC3600DD64B3 /* PublicKey.swift */; };
		A6E6E9E51D75CC4300DD64B3 /* ExtensionString.swift in Sources */ = {isa = PBXBuildFile; fileRef = A6E6E9E41D75CC4300DD64B3 /* ExtensionString.swift */; };
		A6E6E9E81D75CC6100DD64B3 /* DecodedTokenModel.h in Headers */ = {isa = PBXBuildFile; fileRef = A6E6E9E61D75CC6100DD64B3 /* DecodedTokenModel.h */; settings = {ATTRIBUTES = (Public, ); }; };
		A6E6E9E91D75CC6100DD64B3 /* DecodedTokenModel.m in Sources */ = {isa = PBXBuildFile; fileRef = A6E6E9E71D75CC6100DD64B3 /* DecodedTokenModel.m */; };
		A6E6E9EB1D75CD1500DD64B3 /* TokenValidation.swift in Sources */ = {isa = PBXBuildFile; fileRef = A6E6E9EA1D75CD1500DD64B3 /* TokenValidation.swift */; };
		A6E6E9ED1D75CD2A00DD64B3 /* ExtensionTokenValidation.swift in Sources */ = {isa = PBXBuildFile; fileRef = A6E6E9EC1D75CD2A00DD64B3 /* ExtensionTokenValidation.swift */; };
		A6E6E9F01D75CD4A00DD64B3 /* PublicKeyModel.h in Headers */ = {isa = PBXBuildFile; fileRef = A6E6E9EE1D75CD4A00DD64B3 /* PublicKeyModel.h */; settings = {ATTRIBUTES = (Public, ); }; };
		A6E6E9F11D75CD4A00DD64B3 /* PublicKeyModel.m in Sources */ = {isa = PBXBuildFile; fileRef = A6E6E9EF1D75CD4A00DD64B3 /* PublicKeyModel.m */; };
		A6E6E9F41D75CD6000DD64B3 /* TokenIdHeaderModel.swift in Sources */ = {isa = PBXBuildFile; fileRef = A6E6E9F31D75CD6000DD64B3 /* TokenIdHeaderModel.swift */; };
		A6E6E9F61D75CD9B00DD64B3 /* ExtensionJWTDecoder.swift in Sources */ = {isa = PBXBuildFile; fileRef = A6E6E9F51D75CD9B00DD64B3 /* ExtensionJWTDecoder.swift */; };
		A6F8D9671D33AD96000F1312 /* ScopeValidator.swift in Sources */ = {isa = PBXBuildFile; fileRef = A6F8D9661D33AD96000F1312 /* ScopeValidator.swift */; };
		A6F8D9911D34D56A000F1312 /* ProductType.swift in Sources */ = {isa = PBXBuildFile; fileRef = A6F8D9901D34D56A000F1312 /* ProductType.swift */; };
		A6F8D99C1D36DD69000F1312 /* MobileConnectServiceConfiguration.swift in Sources */ = {isa = PBXBuildFile; fileRef = A6F8D99B1D36DD69000F1312 /* MobileConnectServiceConfiguration.swift */; };
		A6F8D99E1D36DE3A000F1312 /* MCAuthorizationConfiguration.swift in Sources */ = {isa = PBXBuildFile; fileRef = A6F8D99D1D36DE3A000F1312 /* MCAuthorizationConfiguration.swift */; };
		CE42FAEF1E375E8E0029BE3B /* DiscoveryOptions.m in Sources */ = {isa = PBXBuildFile; fileRef = CE42FAEE1E375E8E0029BE3B /* DiscoveryOptions.m */; };
		CE42FAFD1E38AAF90029BE3B /* DiscoveryOptions.h in Headers */ = {isa = PBXBuildFile; fileRef = CE42FAED1E375E760029BE3B /* DiscoveryOptions.h */; settings = {ATTRIBUTES = (Public, ); }; };
		CE42FAFF1E39DFAA0029BE3B /* OperatorIdModel.h in Headers */ = {isa = PBXBuildFile; fileRef = 3C401A1B1D0EB36700F73EA5 /* OperatorIdModel.h */; settings = {ATTRIBUTES = (Public, ); }; };
		CE42FB001E39E4A50029BE3B /* OperatorDataResponse.h in Headers */ = {isa = PBXBuildFile; fileRef = 3C401A191D0EB36700F73EA5 /* OperatorDataResponse.h */; settings = {ATTRIBUTES = (Public, ); }; };
		CE4ED9441F482E4000B2B089 /* IndianAppViewController.swift in Sources */ = {isa = PBXBuildFile; fileRef = CE4ED9431F482E4000B2B089 /* IndianAppViewController.swift */; };
		CE4ED9461F483D7400B2B089 /* RequestOptionsOfIndianAppViewController.swift in Sources */ = {isa = PBXBuildFile; fileRef = CE4ED9451F483D7400B2B089 /* RequestOptionsOfIndianAppViewController.swift */; };
		CE4ED9481F48425900B2B089 /* RequestParamsOfIndianAppViewController.swift in Sources */ = {isa = PBXBuildFile; fileRef = CE4ED9471F48425900B2B089 /* RequestParamsOfIndianAppViewController.swift */; };
		CE4ED94B1F48439500B2B089 /* Main.storyboard in Resources */ = {isa = PBXBuildFile; fileRef = CE4ED9491F48439500B2B089 /* Main.storyboard */; };
		CE4ED94D1F48517100B2B089 /* requestParamsIndianApp.plist in Resources */ = {isa = PBXBuildFile; fileRef = CE4ED94C1F48517100B2B089 /* requestParamsIndianApp.plist */; };
		CE5BE18B1EDEEDD4005DA7DB /* DiscoveryServiceConfiguration.swift in Sources */ = {isa = PBXBuildFile; fileRef = CE5BE18A1EDEEDD4005DA7DB /* DiscoveryServiceConfiguration.swift */; };
		CE74B7231E420D5600A7568D /* MobileConnectManagerWithoutCall.swift in Sources */ = {isa = PBXBuildFile; fileRef = CE74B7221E420D5600A7568D /* MobileConnectManagerWithoutCall.swift */; };
		CE7677C01E9CB54E00D2C7B0 /* MobileConnectSDK.framework in Frameworks */ = {isa = PBXBuildFile; fileRef = 3C3F82D21D04C7C8006EE8F4 /* MobileConnectSDK.framework */; };
		CE7677C11E9CB54E00D2C7B0 /* MobileConnectSDK.framework in Embed Frameworks */ = {isa = PBXBuildFile; fileRef = 3C3F82D21D04C7C8006EE8F4 /* MobileConnectSDK.framework */; settings = {ATTRIBUTES = (CodeSignOnCopy, RemoveHeadersOnCopy, ); }; };
		CEACC0651EA492D30067A4DE /* RequestOptionsViewController.swift in Sources */ = {isa = PBXBuildFile; fileRef = CEACC0641EA492D30067A4DE /* RequestOptionsViewController.swift */; };
		CEACC0671EA496C70067A4DE /* RequestParametersViewController.swift in Sources */ = {isa = PBXBuildFile; fileRef = CEACC0661EA496C60067A4DE /* RequestParametersViewController.swift */; };
		CEACC0691EA49DBC0067A4DE /* RequestParamsWithoutDiscoveryViewController.swift in Sources */ = {isa = PBXBuildFile; fileRef = CEACC0681EA49DBC0067A4DE /* RequestParamsWithoutDiscoveryViewController.swift */; };
		CEACC06B1EA4A1510067A4DE /* EndpointConfigurationViewController.swift in Sources */ = {isa = PBXBuildFile; fileRef = CEACC06A1EA4A1510067A4DE /* EndpointConfigurationViewController.swift */; };
		CEACC06D1EA4E0170067A4DE /* requestParams.plist in Resources */ = {isa = PBXBuildFile; fileRef = CEACC06C1EA4E0170067A4DE /* requestParams.plist */; };
		CEACC0711EA4E4940067A4DE /* operatorURLs.plist in Resources */ = {isa = PBXBuildFile; fileRef = CEACC0701EA4E4940067A4DE /* operatorURLs.plist */; };
		CEACC0731EA4EB150067A4DE /* requestParamsExampleApp.plist in Resources */ = {isa = PBXBuildFile; fileRef = CEACC0721EA4EB150067A4DE /* requestParamsExampleApp.plist */; };
/* End PBXBuildFile section */

/* Begin PBXContainerItemProxy section */
		097E176D1D663AAF002B23E2 /* PBXContainerItemProxy */ = {
			isa = PBXContainerItemProxy;
			containerPortal = 3C3F82C91D04C7C8006EE8F4 /* Project object */;
			proxyType = 1;
			remoteGlobalIDString = A63653AE1D20367E00A8A6E2;
			remoteInfo = DemoSwift;
		};
		A63653A61D20366700A8A6E2 /* PBXContainerItemProxy */ = {
			isa = PBXContainerItemProxy;
			containerPortal = 3C3F82C91D04C7C8006EE8F4 /* Project object */;
			proxyType = 1;
			remoteGlobalIDString = 3C3F82D11D04C7C8006EE8F4;
			remoteInfo = MobileConnectSDK;
		};
		CE7677C21E9CB54E00D2C7B0 /* PBXContainerItemProxy */ = {
			isa = PBXContainerItemProxy;
			containerPortal = 3C3F82C91D04C7C8006EE8F4 /* Project object */;
			proxyType = 1;
			remoteGlobalIDString = 3C3F82D11D04C7C8006EE8F4;
			remoteInfo = MobileConnectSDK;
		};
/* End PBXContainerItemProxy section */

/* Begin PBXCopyFilesBuildPhase section */
		A63653E31D2038AB00A8A6E2 /* Embed Frameworks */ = {
			isa = PBXCopyFilesBuildPhase;
			buildActionMask = 2147483647;
			dstPath = "";
			dstSubfolderSpec = 10;
			files = (
			);
			name = "Embed Frameworks";
			runOnlyForDeploymentPostprocessing = 0;
		};
		A6A980481D203E7300E8C664 /* Embed Frameworks */ = {
			isa = PBXCopyFilesBuildPhase;
			buildActionMask = 2147483647;
			dstPath = "";
			dstSubfolderSpec = 10;
			files = (
			);
			name = "Embed Frameworks";
			runOnlyForDeploymentPostprocessing = 0;
		};
		CE7677C41E9CB54E00D2C7B0 /* Embed Frameworks */ = {
			isa = PBXCopyFilesBuildPhase;
			buildActionMask = 2147483647;
			dstPath = "";
			dstSubfolderSpec = 10;
			files = (
				CE7677C11E9CB54E00D2C7B0 /* MobileConnectSDK.framework in Embed Frameworks */,
			);
			name = "Embed Frameworks";
			runOnlyForDeploymentPostprocessing = 0;
		};
/* End PBXCopyFilesBuildPhase section */

/* Begin PBXFileReference section */
		0C4FBB98E0D64322CA027E03 /* Pods-DemoSwift.release.xcconfig */ = {isa = PBXFileReference; includeInIndex = 1; lastKnownFileType = text.xcconfig; name = "Pods-DemoSwift.release.xcconfig"; path = "Pods/Target Support Files/Pods-DemoSwift/Pods-DemoSwift.release.xcconfig"; sourceTree = "<group>"; };
		1EF526CE1D367272008C50CC /* ExtensionNSUUID.swift */ = {isa = PBXFileReference; fileEncoding = 4; lastKnownFileType = sourcecode.swift; path = ExtensionNSUUID.swift; sourceTree = "<group>"; };
		2E13A7A0505164240D57BF30 /* Pods_ExampleAppWithoutDiscovery.framework */ = {isa = PBXFileReference; explicitFileType = wrapper.framework; includeInIndex = 0; path = Pods_ExampleAppWithoutDiscovery.framework; sourceTree = BUILT_PRODUCTS_DIR; };
		3C24E7C61D0C2D5000D7634A /* MCService.swift */ = {isa = PBXFileReference; fileEncoding = 4; lastKnownFileType = sourcecode.swift; path = MCService.swift; sourceTree = "<group>"; };
		3C24E7D31D0C323800D7634A /* DSService.swift */ = {isa = PBXFileReference; fileEncoding = 4; lastKnownFileType = sourcecode.swift; path = DSService.swift; sourceTree = "<group>"; };
		3C36B85C1D05B99800A997E3 /* Images.xcassets */ = {isa = PBXFileReference; lastKnownFileType = folder.assetcatalog; path = Images.xcassets; sourceTree = "<group>"; };
		3C36B85E1D05B9A600A997E3 /* WebController.storyboard */ = {isa = PBXFileReference; fileEncoding = 4; lastKnownFileType = file.storyboard; path = WebController.storyboard; sourceTree = "<group>"; };
		3C36B8651D05BFE000A997E3 /* MobileConnectManager.swift */ = {isa = PBXFileReference; fileEncoding = 4; lastKnownFileType = sourcecode.swift; path = MobileConnectManager.swift; sourceTree = "<group>"; };
		3C36EEFF1D09FC3100297A17 /* MobileConnectSDK.swift */ = {isa = PBXFileReference; fileEncoding = 4; lastKnownFileType = sourcecode.swift; path = MobileConnectSDK.swift; sourceTree = "<group>"; };
		3C36EF031D0A19D200297A17 /* MobileConnectService.swift */ = {isa = PBXFileReference; fileEncoding = 4; lastKnownFileType = sourcecode.swift; path = MobileConnectService.swift; sourceTree = "<group>"; };
		3C36EF051D0A3EFF00297A17 /* MCRequestConstructor.swift */ = {isa = PBXFileReference; fileEncoding = 4; lastKnownFileType = sourcecode.swift; path = MCRequestConstructor.swift; sourceTree = "<group>"; };
		3C3F82D21D04C7C8006EE8F4 /* MobileConnectSDK.framework */ = {isa = PBXFileReference; explicitFileType = wrapper.framework; includeInIndex = 0; path = MobileConnectSDK.framework; sourceTree = BUILT_PRODUCTS_DIR; };
		3C3F82D51D04C7C8006EE8F4 /* MobileConnectSDK.h */ = {isa = PBXFileReference; lastKnownFileType = sourcecode.c.h; path = MobileConnectSDK.h; sourceTree = "<group>"; };
		3C3F82D71D04C7C8006EE8F4 /* Info.plist */ = {isa = PBXFileReference; lastKnownFileType = text.plist.xml; path = Info.plist; sourceTree = "<group>"; };
		3C401A091D0EB36700F73EA5 /* APISModel.h */ = {isa = PBXFileReference; fileEncoding = 4; lastKnownFileType = sourcecode.c.h; path = APISModel.h; sourceTree = "<group>"; };
		3C401A0A1D0EB36700F73EA5 /* APISModel.m */ = {isa = PBXFileReference; fileEncoding = 4; lastKnownFileType = sourcecode.c.objc; path = APISModel.m; sourceTree = "<group>"; };
		3C401A0B1D0EB36700F73EA5 /* AuthorizationModel.h */ = {isa = PBXFileReference; fileEncoding = 4; lastKnownFileType = sourcecode.c.h; path = AuthorizationModel.h; sourceTree = "<group>"; };
		3C401A0C1D0EB36700F73EA5 /* AuthorizationModel.m */ = {isa = PBXFileReference; fileEncoding = 4; lastKnownFileType = sourcecode.c.objc; path = AuthorizationModel.m; sourceTree = "<group>"; };
		3C401A0D1D0EB36700F73EA5 /* DiscoveryResponse.h */ = {isa = PBXFileReference; fileEncoding = 4; lastKnownFileType = sourcecode.c.h; path = DiscoveryResponse.h; sourceTree = "<group>"; };
		3C401A0E1D0EB36700F73EA5 /* DiscoveryResponse.m */ = {isa = PBXFileReference; fileEncoding = 4; lastKnownFileType = sourcecode.c.objc; path = DiscoveryResponse.m; sourceTree = "<group>"; };
		3C401A0F1D0EB36700F73EA5 /* LinkModel.h */ = {isa = PBXFileReference; fileEncoding = 4; lastKnownFileType = sourcecode.c.h; path = LinkModel.h; sourceTree = "<group>"; };
		3C401A101D0EB36700F73EA5 /* LinkModel.m */ = {isa = PBXFileReference; fileEncoding = 4; lastKnownFileType = sourcecode.c.objc; path = LinkModel.m; sourceTree = "<group>"; };
		3C401A111D0EB36700F73EA5 /* MCError.h */ = {isa = PBXFileReference; fileEncoding = 4; lastKnownFileType = sourcecode.c.h; path = MCError.h; sourceTree = "<group>"; };
		3C401A121D0EB36700F73EA5 /* MCError.m */ = {isa = PBXFileReference; fileEncoding = 4; lastKnownFileType = sourcecode.c.objc; path = MCError.m; sourceTree = "<group>"; };
		3C401A151D0EB36700F73EA5 /* MCModel.h */ = {isa = PBXFileReference; fileEncoding = 4; lastKnownFileType = sourcecode.c.h; path = MCModel.h; sourceTree = "<group>"; };
		3C401A161D0EB36700F73EA5 /* MCModel.m */ = {isa = PBXFileReference; fileEncoding = 4; lastKnownFileType = sourcecode.c.objc; path = MCModel.m; sourceTree = "<group>"; };
		3C401A171D0EB36700F73EA5 /* OperatorDataRedirectModel.h */ = {isa = PBXFileReference; fileEncoding = 4; lastKnownFileType = sourcecode.c.h; path = OperatorDataRedirectModel.h; sourceTree = "<group>"; };
		3C401A181D0EB36700F73EA5 /* OperatorDataRedirectModel.m */ = {isa = PBXFileReference; fileEncoding = 4; lastKnownFileType = sourcecode.c.objc; path = OperatorDataRedirectModel.m; sourceTree = "<group>"; };
		3C401A191D0EB36700F73EA5 /* OperatorDataResponse.h */ = {isa = PBXFileReference; fileEncoding = 4; lastKnownFileType = sourcecode.c.h; path = OperatorDataResponse.h; sourceTree = "<group>"; };
		3C401A1A1D0EB36700F73EA5 /* OperatorDataResponse.m */ = {isa = PBXFileReference; fileEncoding = 4; lastKnownFileType = sourcecode.c.objc; path = OperatorDataResponse.m; sourceTree = "<group>"; };
		3C401A1B1D0EB36700F73EA5 /* OperatorIdModel.h */ = {isa = PBXFileReference; fileEncoding = 4; lastKnownFileType = sourcecode.c.h; path = OperatorIdModel.h; sourceTree = "<group>"; };
		3C401A1C1D0EB36700F73EA5 /* OperatorIdModel.m */ = {isa = PBXFileReference; fileEncoding = 4; lastKnownFileType = sourcecode.c.objc; path = OperatorIdModel.m; sourceTree = "<group>"; };
		3C401A1D1D0EB36700F73EA5 /* TokenModel.h */ = {isa = PBXFileReference; fileEncoding = 4; lastKnownFileType = sourcecode.c.h; path = TokenModel.h; sourceTree = "<group>"; };
		3C401A1E1D0EB36700F73EA5 /* TokenModel.m */ = {isa = PBXFileReference; fileEncoding = 4; lastKnownFileType = sourcecode.c.objc; path = TokenModel.m; sourceTree = "<group>"; };
		3C401A351D0EB43600F73EA5 /* TokenResponseModel.h */ = {isa = PBXFileReference; fileEncoding = 4; lastKnownFileType = sourcecode.c.h; path = TokenResponseModel.h; sourceTree = "<group>"; };
		3C401A361D0EB43600F73EA5 /* TokenResponseModel.m */ = {isa = PBXFileReference; fileEncoding = 4; lastKnownFileType = sourcecode.c.objc; path = TokenResponseModel.m; sourceTree = "<group>"; };
		3C72CF0A1D05F77100A095ED /* WebControllerProtocol.swift */ = {isa = PBXFileReference; fileEncoding = 4; lastKnownFileType = sourcecode.swift; path = WebControllerProtocol.swift; sourceTree = "<group>"; };
		3C72CF0C1D0606EC00A095ED /* WebKit.framework */ = {isa = PBXFileReference; lastKnownFileType = wrapper.framework; name = WebKit.framework; path = System/Library/Frameworks/WebKit.framework; sourceTree = SDKROOT; };
		3C72CF111D0649B700A095ED /* Constants.swift */ = {isa = PBXFileReference; fileEncoding = 4; lastKnownFileType = sourcecode.swift; path = Constants.swift; sourceTree = "<group>"; };
		3C72CF141D064B7500A095ED /* Localizable.strings */ = {isa = PBXFileReference; fileEncoding = 4; lastKnownFileType = text.plist.strings; path = Localizable.strings; sourceTree = "<group>"; };
		3C72CF161D064BF100A095ED /* Localizator.swift */ = {isa = PBXFileReference; fileEncoding = 4; lastKnownFileType = sourcecode.swift; path = Localizator.swift; sourceTree = "<group>"; };
		3C72CF3A1D069D1100A095ED /* DiscoveryService.swift */ = {isa = PBXFileReference; fileEncoding = 4; lastKnownFileType = sourcecode.swift; path = DiscoveryService.swift; sourceTree = "<group>"; };
		3C72CF3F1D06AD1900A095ED /* ExtensionNSException.swift */ = {isa = PBXFileReference; fileEncoding = 4; lastKnownFileType = sourcecode.swift; path = ExtensionNSException.swift; sourceTree = "<group>"; };
		3C72CF471D06D84900A095ED /* ExtensionDictionary.swift */ = {isa = PBXFileReference; fileEncoding = 4; lastKnownFileType = sourcecode.swift; path = ExtensionDictionary.swift; sourceTree = "<group>"; };
		3C7B07F71D3626DA009225AC /* ExtensionMetadataModel.swift */ = {isa = PBXFileReference; fileEncoding = 4; lastKnownFileType = sourcecode.swift; path = ExtensionMetadataModel.swift; sourceTree = "<group>"; };
		3C8F38101D0868ED0051BBB1 /* Resources.swift */ = {isa = PBXFileReference; fileEncoding = 4; lastKnownFileType = sourcecode.swift; path = Resources.swift; sourceTree = "<group>"; };
		3C8F38141D086FBB0051BBB1 /* DiscoveryRequestConstructor.swift */ = {isa = PBXFileReference; fileEncoding = 4; lastKnownFileType = sourcecode.swift; path = DiscoveryRequestConstructor.swift; sourceTree = "<group>"; };
		3C8F38151D086FBB0051BBB1 /* RequestConstructor.swift */ = {isa = PBXFileReference; fileEncoding = 4; lastKnownFileType = sourcecode.swift; path = RequestConstructor.swift; sourceTree = "<group>"; };
		3C8F38181D086FE00051BBB1 /* Authorizer.swift */ = {isa = PBXFileReference; fileEncoding = 4; lastKnownFileType = sourcecode.swift; path = Authorizer.swift; sourceTree = "<group>"; };
		3CCA570A1D64A846004CE16A /* BaseMobileConnectService.swift */ = {isa = PBXFileReference; fileEncoding = 4; lastKnownFileType = sourcecode.swift; path = BaseMobileConnectService.swift; sourceTree = "<group>"; };
		3CCA570B1D64A846004CE16A /* BaseMobileConnectServiceExtensions.swift */ = {isa = PBXFileReference; fileEncoding = 4; lastKnownFileType = sourcecode.swift; path = BaseMobileConnectServiceExtensions.swift; sourceTree = "<group>"; };
		3CCA570C1D64A846004CE16A /* BaseMobileConnectServiceHelper.swift */ = {isa = PBXFileReference; fileEncoding = 4; lastKnownFileType = sourcecode.swift; path = BaseMobileConnectServiceHelper.swift; sourceTree = "<group>"; };
		3CCA570D1D64A846004CE16A /* BaseServiceConfiguration.swift */ = {isa = PBXFileReference; fileEncoding = 4; lastKnownFileType = sourcecode.swift; path = BaseServiceConfiguration.swift; sourceTree = "<group>"; };
		3CD791711D0571250023FD0A /* WebController.swift */ = {isa = PBXFileReference; fileEncoding = 4; lastKnownFileType = sourcecode.swift; path = WebController.swift; sourceTree = "<group>"; };
		3CD791731D0571450023FD0A /* MobileConnectButton.swift */ = {isa = PBXFileReference; fileEncoding = 4; lastKnownFileType = sourcecode.swift; path = MobileConnectButton.swift; sourceTree = "<group>"; };
		65C9A26FE8C2C3C593CE8ECE /* Pods-DemoSwift.debug.xcconfig */ = {isa = PBXFileReference; includeInIndex = 1; lastKnownFileType = text.xcconfig; name = "Pods-DemoSwift.debug.xcconfig"; path = "Pods/Target Support Files/Pods-DemoSwift/Pods-DemoSwift.debug.xcconfig"; sourceTree = "<group>"; };
		66CDD1B33D8731AC7CC57026 /* Pods_DemoSwift.framework */ = {isa = PBXFileReference; explicitFileType = wrapper.framework; includeInIndex = 0; path = Pods_DemoSwift.framework; sourceTree = BUILT_PRODUCTS_DIR; };
		6946C55DE1BE28D15ADF107A /* Pods-MobileConnectSDK.debug.xcconfig */ = {isa = PBXFileReference; includeInIndex = 1; lastKnownFileType = text.xcconfig; name = "Pods-MobileConnectSDK.debug.xcconfig"; path = "Pods/Target Support Files/Pods-MobileConnectSDK/Pods-MobileConnectSDK.debug.xcconfig"; sourceTree = "<group>"; };
		6C3ECA2E1D93F03100A58D40 /* RefreshTokenRequestConstructor.swift */ = {isa = PBXFileReference; fileEncoding = 4; lastKnownFileType = sourcecode.swift; path = RefreshTokenRequestConstructor.swift; sourceTree = "<group>"; };
		6C3ECA311D93F3E900A58D40 /* RefreshTokenService.swift */ = {isa = PBXFileReference; fileEncoding = 4; lastKnownFileType = sourcecode.swift; path = RefreshTokenService.swift; sourceTree = "<group>"; };
		6C3ECA531D99117C00A58D40 /* RefreshTokenModel.h */ = {isa = PBXFileReference; fileEncoding = 4; lastKnownFileType = sourcecode.c.h; path = RefreshTokenModel.h; sourceTree = "<group>"; };
		6C3ECA541D99117C00A58D40 /* RefreshTokenModel.m */ = {isa = PBXFileReference; fileEncoding = 4; lastKnownFileType = sourcecode.c.objc; path = RefreshTokenModel.m; sourceTree = "<group>"; };
		6C4C05281D61CB77008B1AB7 /* AttributeService.swift */ = {isa = PBXFileReference; fileEncoding = 4; lastKnownFileType = sourcecode.swift; path = AttributeService.swift; sourceTree = "<group>"; };
		6C4C052A1D61FBE6008B1AB7 /* BaseMobileConnectServiceRequest.swift */ = {isa = PBXFileReference; fileEncoding = 4; lastKnownFileType = sourcecode.swift; path = BaseMobileConnectServiceRequest.swift; sourceTree = "<group>"; };
		6C4C052C1D632C34008B1AB7 /* AttributeResponseModel.h */ = {isa = PBXFileReference; fileEncoding = 4; lastKnownFileType = sourcecode.c.h; path = AttributeResponseModel.h; sourceTree = "<group>"; };
		6C4C052D1D632C34008B1AB7 /* AttributeResponseModel.m */ = {isa = PBXFileReference; fileEncoding = 4; lastKnownFileType = sourcecode.c.objc; path = AttributeResponseModel.m; sourceTree = "<group>"; };
		6C552BF21D81645A00395A4E /* AuthorizationConfigurationParameters.h */ = {isa = PBXFileReference; fileEncoding = 4; lastKnownFileType = sourcecode.c.h; path = AuthorizationConfigurationParameters.h; sourceTree = "<group>"; };
		6C552BF31D81645A00395A4E /* AuthorizationConfigurationParameters.m */ = {isa = PBXFileReference; fileEncoding = 4; lastKnownFileType = sourcecode.c.objc; path = AuthorizationConfigurationParameters.m; sourceTree = "<group>"; };
		6C5C7ED51D5DC357003D1F7B /* InfoRequestConstructor.swift */ = {isa = PBXFileReference; fileEncoding = 4; lastKnownFileType = sourcecode.swift; path = InfoRequestConstructor.swift; sourceTree = "<group>"; };
		6CA790751DA64FE100581CB6 /* LoginHint.swift */ = {isa = PBXFileReference; fileEncoding = 4; lastKnownFileType = sourcecode.swift; path = LoginHint.swift; sourceTree = "<group>"; };
		6CA790771DA68B2D00581CB6 /* UserInfoResponse.h */ = {isa = PBXFileReference; fileEncoding = 4; lastKnownFileType = sourcecode.c.h; path = UserInfoResponse.h; sourceTree = "<group>"; };
		6CA790781DA68B2D00581CB6 /* UserInfoResponse.m */ = {isa = PBXFileReference; fileEncoding = 4; lastKnownFileType = sourcecode.c.objc; path = UserInfoResponse.m; sourceTree = "<group>"; };
		6CA7907C1DA68EF500581CB6 /* UserInfoService.swift */ = {isa = PBXFileReference; fileEncoding = 4; lastKnownFileType = sourcecode.swift; path = UserInfoService.swift; sourceTree = "<group>"; };
		6CB619291D89826A000D01F5 /* DemoAppViewController.swift */ = {isa = PBXFileReference; fileEncoding = 4; lastKnownFileType = sourcecode.swift; path = DemoAppViewController.swift; sourceTree = "<group>"; };
		6CB6192A1D89826A000D01F5 /* WithoutDiscoveryViewController.swift */ = {isa = PBXFileReference; fileEncoding = 4; lastKnownFileType = sourcecode.swift; path = WithoutDiscoveryViewController.swift; sourceTree = "<group>"; };
		6CB6192E1D89826A000D01F5 /* MainViewController.swift */ = {isa = PBXFileReference; fileEncoding = 4; lastKnownFileType = sourcecode.swift; path = MainViewController.swift; sourceTree = "<group>"; };
		6CB6192F1D89826A000D01F5 /* ResultViewController.swift */ = {isa = PBXFileReference; fileEncoding = 4; lastKnownFileType = sourcecode.swift; path = ResultViewController.swift; sourceTree = "<group>"; };
		6CB619381D8AB53C000D01F5 /* RevokeTokenService.swift */ = {isa = PBXFileReference; fileEncoding = 4; lastKnownFileType = sourcecode.swift; path = RevokeTokenService.swift; sourceTree = "<group>"; };
		6CB6193A1D8ADB49000D01F5 /* RevokeTokenRequestConstructor.swift */ = {isa = PBXFileReference; fileEncoding = 4; lastKnownFileType = sourcecode.swift; path = RevokeTokenRequestConstructor.swift; sourceTree = "<group>"; };
		998ED7F6C9A028C0234D6044 /* Pods-MobileConnectSDKTests.release.xcconfig */ = {isa = PBXFileReference; includeInIndex = 1; lastKnownFileType = text.xcconfig; name = "Pods-MobileConnectSDKTests.release.xcconfig"; path = "Pods/Target Support Files/Pods-MobileConnectSDKTests/Pods-MobileConnectSDKTests.release.xcconfig"; sourceTree = "<group>"; };
		A07BC796172E63350D186EAF /* Pods-MobileConnectSDKTests.debug.xcconfig */ = {isa = PBXFileReference; includeInIndex = 1; lastKnownFileType = text.xcconfig; name = "Pods-MobileConnectSDKTests.debug.xcconfig"; path = "Pods/Target Support Files/Pods-MobileConnectSDKTests/Pods-MobileConnectSDKTests.debug.xcconfig"; sourceTree = "<group>"; };
		A63653A01D20366700A8A6E2 /* MobileConnectSDKTests.xctest */ = {isa = PBXFileReference; explicitFileType = wrapper.cfbundle; includeInIndex = 0; path = MobileConnectSDKTests.xctest; sourceTree = BUILT_PRODUCTS_DIR; };
		A63653AF1D20367E00A8A6E2 /* DemoSwift.app */ = {isa = PBXFileReference; explicitFileType = wrapper.application; includeInIndex = 0; path = DemoSwift.app; sourceTree = BUILT_PRODUCTS_DIR; };
		A63653B11D20367E00A8A6E2 /* AppDelegate.swift */ = {isa = PBXFileReference; lastKnownFileType = sourcecode.swift; path = AppDelegate.swift; sourceTree = "<group>"; };
		A63653B81D20367F00A8A6E2 /* Assets.xcassets */ = {isa = PBXFileReference; lastKnownFileType = folder.assetcatalog; path = Assets.xcassets; sourceTree = "<group>"; };
		A63653BB1D20367F00A8A6E2 /* Base */ = {isa = PBXFileReference; lastKnownFileType = file.storyboard; name = Base; path = Base.lproj/LaunchScreen.storyboard; sourceTree = "<group>"; };
		A63653BD1D20367F00A8A6E2 /* Info.plist */ = {isa = PBXFileReference; lastKnownFileType = text.plist.xml; path = Info.plist; sourceTree = "<group>"; };
		A669468A1D4567090014DDF8 /* MobileConnectSDK.podspec */ = {isa = PBXFileReference; fileEncoding = 4; lastKnownFileType = text; path = MobileConnectSDK.podspec; sourceTree = SOURCE_ROOT; };
		A6B580391D241E5700640E17 /* ExtensionDiscoveryResponse.swift */ = {isa = PBXFileReference; fileEncoding = 4; lastKnownFileType = sourcecode.swift; path = ExtensionDiscoveryResponse.swift; sourceTree = "<group>"; };
		A6B5803B1D24304200640E17 /* MetadataModel.h */ = {isa = PBXFileReference; fileEncoding = 4; lastKnownFileType = sourcecode.c.h; path = MetadataModel.h; sourceTree = "<group>"; };
		A6B5803C1D24304200640E17 /* MetadataModel.m */ = {isa = PBXFileReference; fileEncoding = 4; lastKnownFileType = sourcecode.c.objc; path = MetadataModel.m; sourceTree = "<group>"; };
		A6B948A21D5377DD006A8A4E /* .swiftlint.yml */ = {isa = PBXFileReference; fileEncoding = 4; lastKnownFileType = text; path = .swiftlint.yml; sourceTree = "<group>"; };
		A6DD339F1D2FC49B0041FBD9 /* MobileConnectProduct.h */ = {isa = PBXFileReference; fileEncoding = 4; lastKnownFileType = sourcecode.c.h; path = MobileConnectProduct.h; sourceTree = "<group>"; };
		A6DD33A01D2FC49B0041FBD9 /* MobileConnectProduct.m */ = {isa = PBXFileReference; fileEncoding = 4; lastKnownFileType = sourcecode.c.objc; path = MobileConnectProduct.m; sourceTree = "<group>"; };
		A6E6E9DC1D75CC3600DD64B3 /* JWTConstants.swift */ = {isa = PBXFileReference; fileEncoding = 4; lastKnownFileType = sourcecode.swift; path = JWTConstants.swift; sourceTree = "<group>"; };
		A6E6E9DD1D75CC3600DD64B3 /* JWTDecoder.swift */ = {isa = PBXFileReference; fileEncoding = 4; lastKnownFileType = sourcecode.swift; path = JWTDecoder.swift; sourceTree = "<group>"; };
		A6E6E9DE1D75CC3600DD64B3 /* JWTManager.swift */ = {isa = PBXFileReference; fileEncoding = 4; lastKnownFileType = sourcecode.swift; path = JWTManager.swift; sourceTree = "<group>"; };
		A6E6E9DF1D75CC3600DD64B3 /* PublicKey.swift */ = {isa = PBXFileReference; fileEncoding = 4; lastKnownFileType = sourcecode.swift; path = PublicKey.swift; sourceTree = "<group>"; };
		A6E6E9E41D75CC4300DD64B3 /* ExtensionString.swift */ = {isa = PBXFileReference; fileEncoding = 4; lastKnownFileType = sourcecode.swift; path = ExtensionString.swift; sourceTree = "<group>"; };
		A6E6E9E61D75CC6100DD64B3 /* DecodedTokenModel.h */ = {isa = PBXFileReference; fileEncoding = 4; lastKnownFileType = sourcecode.c.h; path = DecodedTokenModel.h; sourceTree = "<group>"; };
		A6E6E9E71D75CC6100DD64B3 /* DecodedTokenModel.m */ = {isa = PBXFileReference; fileEncoding = 4; lastKnownFileType = sourcecode.c.objc; path = DecodedTokenModel.m; sourceTree = "<group>"; };
		A6E6E9EA1D75CD1500DD64B3 /* TokenValidation.swift */ = {isa = PBXFileReference; fileEncoding = 4; lastKnownFileType = sourcecode.swift; path = TokenValidation.swift; sourceTree = "<group>"; };
		A6E6E9EC1D75CD2A00DD64B3 /* ExtensionTokenValidation.swift */ = {isa = PBXFileReference; fileEncoding = 4; lastKnownFileType = sourcecode.swift; path = ExtensionTokenValidation.swift; sourceTree = "<group>"; };
		A6E6E9EE1D75CD4A00DD64B3 /* PublicKeyModel.h */ = {isa = PBXFileReference; fileEncoding = 4; lastKnownFileType = sourcecode.c.h; path = PublicKeyModel.h; sourceTree = "<group>"; };
		A6E6E9EF1D75CD4A00DD64B3 /* PublicKeyModel.m */ = {isa = PBXFileReference; fileEncoding = 4; lastKnownFileType = sourcecode.c.objc; path = PublicKeyModel.m; sourceTree = "<group>"; };
		A6E6E9F31D75CD6000DD64B3 /* TokenIdHeaderModel.swift */ = {isa = PBXFileReference; fileEncoding = 4; lastKnownFileType = sourcecode.swift; path = TokenIdHeaderModel.swift; sourceTree = "<group>"; };
		A6E6E9F51D75CD9B00DD64B3 /* ExtensionJWTDecoder.swift */ = {isa = PBXFileReference; fileEncoding = 4; lastKnownFileType = sourcecode.swift; path = ExtensionJWTDecoder.swift; sourceTree = "<group>"; };
		A6F8D9661D33AD96000F1312 /* ScopeValidator.swift */ = {isa = PBXFileReference; fileEncoding = 4; lastKnownFileType = sourcecode.swift; path = ScopeValidator.swift; sourceTree = "<group>"; };
		A6F8D9901D34D56A000F1312 /* ProductType.swift */ = {isa = PBXFileReference; fileEncoding = 4; lastKnownFileType = sourcecode.swift; path = ProductType.swift; sourceTree = "<group>"; };
		A6F8D99B1D36DD69000F1312 /* MobileConnectServiceConfiguration.swift */ = {isa = PBXFileReference; fileEncoding = 4; lastKnownFileType = sourcecode.swift; path = MobileConnectServiceConfiguration.swift; sourceTree = "<group>"; };
		A6F8D99D1D36DE3A000F1312 /* MCAuthorizationConfiguration.swift */ = {isa = PBXFileReference; fileEncoding = 4; lastKnownFileType = sourcecode.swift; path = MCAuthorizationConfiguration.swift; sourceTree = "<group>"; };
		B15286BEB32D067DFADBD499 /* Pods_MobileConnectSDKTests.framework */ = {isa = PBXFileReference; explicitFileType = wrapper.framework; includeInIndex = 0; path = Pods_MobileConnectSDKTests.framework; sourceTree = BUILT_PRODUCTS_DIR; };
		CE272BE11E5C914C005D2F17 /* JSONModel.framework */ = {isa = PBXFileReference; lastKnownFileType = wrapper.framework; name = JSONModel.framework; path = "Pods/../build/Debug-iphoneos/JSONModel-iOS9.3/JSONModel.framework"; sourceTree = "<group>"; };
		CE42FAED1E375E760029BE3B /* DiscoveryOptions.h */ = {isa = PBXFileReference; lastKnownFileType = sourcecode.c.h; path = DiscoveryOptions.h; sourceTree = "<group>"; };
		CE42FAEE1E375E8E0029BE3B /* DiscoveryOptions.m */ = {isa = PBXFileReference; fileEncoding = 4; lastKnownFileType = sourcecode.c.objc; path = DiscoveryOptions.m; sourceTree = "<group>"; };
		CE4ED9431F482E4000B2B089 /* IndianAppViewController.swift */ = {isa = PBXFileReference; fileEncoding = 4; lastKnownFileType = sourcecode.swift; path = IndianAppViewController.swift; sourceTree = "<group>"; };
		CE4ED9451F483D7400B2B089 /* RequestOptionsOfIndianAppViewController.swift */ = {isa = PBXFileReference; fileEncoding = 4; lastKnownFileType = sourcecode.swift; path = RequestOptionsOfIndianAppViewController.swift; sourceTree = "<group>"; };
		CE4ED9471F48425900B2B089 /* RequestParamsOfIndianAppViewController.swift */ = {isa = PBXFileReference; fileEncoding = 4; lastKnownFileType = sourcecode.swift; path = RequestParamsOfIndianAppViewController.swift; sourceTree = "<group>"; };
		CE4ED94A1F48439500B2B089 /* Base */ = {isa = PBXFileReference; lastKnownFileType = file.storyboard; name = Base; path = DemoSwift/Base.lproj/Main.storyboard; sourceTree = "<group>"; };
		CE4ED94C1F48517100B2B089 /* requestParamsIndianApp.plist */ = {isa = PBXFileReference; fileEncoding = 4; lastKnownFileType = text.plist.xml; path = requestParamsIndianApp.plist; sourceTree = "<group>"; };
		CE5BE18A1EDEEDD4005DA7DB /* DiscoveryServiceConfiguration.swift */ = {isa = PBXFileReference; fileEncoding = 4; lastKnownFileType = sourcecode.swift; path = DiscoveryServiceConfiguration.swift; sourceTree = "<group>"; };
		CE74B7221E420D5600A7568D /* MobileConnectManagerWithoutCall.swift */ = {isa = PBXFileReference; fileEncoding = 4; lastKnownFileType = sourcecode.swift; path = MobileConnectManagerWithoutCall.swift; sourceTree = "<group>"; };
		CEACC0641EA492D30067A4DE /* RequestOptionsViewController.swift */ = {isa = PBXFileReference; fileEncoding = 4; lastKnownFileType = sourcecode.swift; path = RequestOptionsViewController.swift; sourceTree = "<group>"; };
		CEACC0661EA496C60067A4DE /* RequestParametersViewController.swift */ = {isa = PBXFileReference; fileEncoding = 4; lastKnownFileType = sourcecode.swift; path = RequestParametersViewController.swift; sourceTree = "<group>"; };
		CEACC0681EA49DBC0067A4DE /* RequestParamsWithoutDiscoveryViewController.swift */ = {isa = PBXFileReference; fileEncoding = 4; lastKnownFileType = sourcecode.swift; path = RequestParamsWithoutDiscoveryViewController.swift; sourceTree = "<group>"; };
		CEACC06A1EA4A1510067A4DE /* EndpointConfigurationViewController.swift */ = {isa = PBXFileReference; fileEncoding = 4; lastKnownFileType = sourcecode.swift; path = EndpointConfigurationViewController.swift; sourceTree = "<group>"; };
		CEACC06C1EA4E0170067A4DE /* requestParams.plist */ = {isa = PBXFileReference; fileEncoding = 4; lastKnownFileType = text.plist.xml; path = requestParams.plist; sourceTree = "<group>"; };
		CEACC0701EA4E4940067A4DE /* operatorURLs.plist */ = {isa = PBXFileReference; fileEncoding = 4; lastKnownFileType = text.plist.xml; path = operatorURLs.plist; sourceTree = "<group>"; };
		CEACC0721EA4EB150067A4DE /* requestParamsExampleApp.plist */ = {isa = PBXFileReference; fileEncoding = 4; lastKnownFileType = text.plist.xml; path = requestParamsExampleApp.plist; sourceTree = "<group>"; };
		D3A0A52DF97341EB9A7E61B3 /* Pods_ExampleAppWithoutDiscoveryTests.framework */ = {isa = PBXFileReference; explicitFileType = wrapper.framework; includeInIndex = 0; path = Pods_ExampleAppWithoutDiscoveryTests.framework; sourceTree = BUILT_PRODUCTS_DIR; };
		DA558801ABDD399544770702 /* Pods-ExampleAppWithoutDiscovery.debug.xcconfig */ = {isa = PBXFileReference; includeInIndex = 1; lastKnownFileType = text.xcconfig; name = "Pods-ExampleAppWithoutDiscovery.debug.xcconfig"; path = "Pods/Target Support Files/Pods-ExampleAppWithoutDiscovery/Pods-ExampleAppWithoutDiscovery.debug.xcconfig"; sourceTree = "<group>"; };
		EE72C06CC4B20EA9F6BDB122 /* Pods_ExampleAppWithoutDiscoveryUITests.framework */ = {isa = PBXFileReference; explicitFileType = wrapper.framework; includeInIndex = 0; path = Pods_ExampleAppWithoutDiscoveryUITests.framework; sourceTree = BUILT_PRODUCTS_DIR; };
		F2409E5CC1E21A952302B257 /* Pods_MobileConnectSDK.framework */ = {isa = PBXFileReference; explicitFileType = wrapper.framework; includeInIndex = 0; path = Pods_MobileConnectSDK.framework; sourceTree = BUILT_PRODUCTS_DIR; };
		F39391B82183A73D5C0A3EC0 /* Pods-MobileConnectSDK.release.xcconfig */ = {isa = PBXFileReference; includeInIndex = 1; lastKnownFileType = text.xcconfig; name = "Pods-MobileConnectSDK.release.xcconfig"; path = "Pods/Target Support Files/Pods-MobileConnectSDK/Pods-MobileConnectSDK.release.xcconfig"; sourceTree = "<group>"; };
		F740CCAA8F4EBD17D973C039 /* Pods-ExampleAppWithoutDiscovery.release.xcconfig */ = {isa = PBXFileReference; includeInIndex = 1; lastKnownFileType = text.xcconfig; name = "Pods-ExampleAppWithoutDiscovery.release.xcconfig"; path = "Pods/Target Support Files/Pods-ExampleAppWithoutDiscovery/Pods-ExampleAppWithoutDiscovery.release.xcconfig"; sourceTree = "<group>"; };
/* End PBXFileReference section */

/* Begin PBXFrameworksBuildPhase section */
		3C3F82CE1D04C7C8006EE8F4 /* Frameworks */ = {
			isa = PBXFrameworksBuildPhase;
			buildActionMask = 2147483647;
			files = (
				4377E6FC2F3E90B75A81A30F /* Pods_MobileConnectSDK.framework in Frameworks */,
			);
			runOnlyForDeploymentPostprocessing = 0;
		};
		A636539D1D20366700A8A6E2 /* Frameworks */ = {
			isa = PBXFrameworksBuildPhase;
			buildActionMask = 2147483647;
			files = (
				A63653A51D20366700A8A6E2 /* MobileConnectSDK.framework in Frameworks */,
				23FD3A0D78B0C76FD249733D /* Pods_MobileConnectSDKTests.framework in Frameworks */,
			);
			runOnlyForDeploymentPostprocessing = 0;
		};
		A63653AC1D20367E00A8A6E2 /* Frameworks */ = {
			isa = PBXFrameworksBuildPhase;
			buildActionMask = 2147483647;
			files = (
				CE7677C01E9CB54E00D2C7B0 /* MobileConnectSDK.framework in Frameworks */,
				0E9137CA8BE8A584FA376DF5 /* Pods_DemoSwift.framework in Frameworks */,
			);
			runOnlyForDeploymentPostprocessing = 0;
		};
/* End PBXFrameworksBuildPhase section */

/* Begin PBXGroup section */
		20B683C9FEB17C701B04BD4C /* Pods */ = {
			isa = PBXGroup;
			children = (
				65C9A26FE8C2C3C593CE8ECE /* Pods-DemoSwift.debug.xcconfig */,
				0C4FBB98E0D64322CA027E03 /* Pods-DemoSwift.release.xcconfig */,
				DA558801ABDD399544770702 /* Pods-ExampleAppWithoutDiscovery.debug.xcconfig */,
				F740CCAA8F4EBD17D973C039 /* Pods-ExampleAppWithoutDiscovery.release.xcconfig */,
				6946C55DE1BE28D15ADF107A /* Pods-MobileConnectSDK.debug.xcconfig */,
				F39391B82183A73D5C0A3EC0 /* Pods-MobileConnectSDK.release.xcconfig */,
				A07BC796172E63350D186EAF /* Pods-MobileConnectSDKTests.debug.xcconfig */,
				998ED7F6C9A028C0234D6044 /* Pods-MobileConnectSDKTests.release.xcconfig */,
			);
			name = Pods;
			sourceTree = "<group>";
		};
		3C36B85B1D05B96C00A997E3 /* AdditionalFiles */ = {
			isa = PBXGroup;
			children = (
				3C36B85C1D05B99800A997E3 /* Images.xcassets */,
				3C36B85E1D05B9A600A997E3 /* WebController.storyboard */,
				3C72CF141D064B7500A095ED /* Localizable.strings */,
			);
			path = AdditionalFiles;
			sourceTree = "<group>";
		};
		3C36B8641D05BFBC00A997E3 /* MobileConnectManager */ = {
			isa = PBXGroup;
			children = (
				3C36B8651D05BFE000A997E3 /* MobileConnectManager.swift */,
				CE74B7221E420D5600A7568D /* MobileConnectManagerWithoutCall.swift */,
			);
			path = MobileConnectManager;
			sourceTree = "<group>";
		};
		3C36B8671D05C15E00A997E3 /* Models */ = {
			isa = PBXGroup;
			children = (
				A6E6E9F21D75CD6000DD64B3 /* TokenId */,
				A6DD339E1D2FC4790041FBD9 /* Enums */,
				A6E6E9EE1D75CD4A00DD64B3 /* PublicKeyModel.h */,
				A6E6E9EF1D75CD4A00DD64B3 /* PublicKeyModel.m */,
				3C401A351D0EB43600F73EA5 /* TokenResponseModel.h */,
				3C401A361D0EB43600F73EA5 /* TokenResponseModel.m */,
				A6E6E9E61D75CC6100DD64B3 /* DecodedTokenModel.h */,
				A6E6E9E71D75CC6100DD64B3 /* DecodedTokenModel.m */,
				3C401A091D0EB36700F73EA5 /* APISModel.h */,
				3C401A0A1D0EB36700F73EA5 /* APISModel.m */,
				3C401A0B1D0EB36700F73EA5 /* AuthorizationModel.h */,
				3C401A0C1D0EB36700F73EA5 /* AuthorizationModel.m */,
				3C401A0D1D0EB36700F73EA5 /* DiscoveryResponse.h */,
				3C401A0E1D0EB36700F73EA5 /* DiscoveryResponse.m */,
				3C401A0F1D0EB36700F73EA5 /* LinkModel.h */,
				3C401A101D0EB36700F73EA5 /* LinkModel.m */,
				3C401A111D0EB36700F73EA5 /* MCError.h */,
				3C401A121D0EB36700F73EA5 /* MCError.m */,
				3C401A151D0EB36700F73EA5 /* MCModel.h */,
				3C401A161D0EB36700F73EA5 /* MCModel.m */,
				3C401A171D0EB36700F73EA5 /* OperatorDataRedirectModel.h */,
				3C401A181D0EB36700F73EA5 /* OperatorDataRedirectModel.m */,
				3C401A191D0EB36700F73EA5 /* OperatorDataResponse.h */,
				3C401A1A1D0EB36700F73EA5 /* OperatorDataResponse.m */,
				3C401A1B1D0EB36700F73EA5 /* OperatorIdModel.h */,
				3C401A1C1D0EB36700F73EA5 /* OperatorIdModel.m */,
				3C401A1D1D0EB36700F73EA5 /* TokenModel.h */,
				3C401A1E1D0EB36700F73EA5 /* TokenModel.m */,
				A6B580391D241E5700640E17 /* ExtensionDiscoveryResponse.swift */,
				A6B5803B1D24304200640E17 /* MetadataModel.h */,
				A6B5803C1D24304200640E17 /* MetadataModel.m */,
				3C7B07F71D3626DA009225AC /* ExtensionMetadataModel.swift */,
				6C4C052C1D632C34008B1AB7 /* AttributeResponseModel.h */,
				6C4C052D1D632C34008B1AB7 /* AttributeResponseModel.m */,
				6C552BF21D81645A00395A4E /* AuthorizationConfigurationParameters.h */,
				6C552BF31D81645A00395A4E /* AuthorizationConfigurationParameters.m */,
				6C3ECA531D99117C00A58D40 /* RefreshTokenModel.h */,
				6C3ECA541D99117C00A58D40 /* RefreshTokenModel.m */,
				6CA790771DA68B2D00581CB6 /* UserInfoResponse.h */,
				6CA790781DA68B2D00581CB6 /* UserInfoResponse.m */,
				CE42FAED1E375E760029BE3B /* DiscoveryOptions.h */,
				CE42FAEE1E375E8E0029BE3B /* DiscoveryOptions.m */,
			);
			path = Models;
			sourceTree = "<group>";
		};
		3C3F82C81D04C7C8006EE8F4 = {
			isa = PBXGroup;
			children = (
				A6B948A21D5377DD006A8A4E /* .swiftlint.yml */,
				A63653B01D20367E00A8A6E2 /* DemoSwift */,
				3CD7915C1D04D0E80023FD0A /* Frameworks */,
				3C3F82D41D04C7C8006EE8F4 /* MobileConnectSDK */,
				3C3F82D31D04C7C8006EE8F4 /* Products */,
				20B683C9FEB17C701B04BD4C /* Pods */,
			);
			sourceTree = "<group>";
		};
		3C3F82D31D04C7C8006EE8F4 /* Products */ = {
			isa = PBXGroup;
			children = (
				3C3F82D21D04C7C8006EE8F4 /* MobileConnectSDK.framework */,
				A63653A01D20366700A8A6E2 /* MobileConnectSDKTests.xctest */,
				A63653AF1D20367E00A8A6E2 /* DemoSwift.app */,
			);
			name = Products;
			sourceTree = "<group>";
		};
		3C3F82D41D04C7C8006EE8F4 /* MobileConnectSDK */ = {
			isa = PBXGroup;
			children = (
				3C72CF3E1D06ACF600A095ED /* Extensions */,
				3C72CF051D05E7A500A095ED /* Services */,
				3C36B8671D05C15E00A997E3 /* Models */,
				3C36B8641D05BFBC00A997E3 /* MobileConnectManager */,
				3C36B85B1D05B96C00A997E3 /* AdditionalFiles */,
				3CD791701D0570920023FD0A /* Controllers */,
				3CD7916F1D05706B0023FD0A /* Views */,
				3CD791691D056F2E0023FD0A /* Utilities */,
				3C3F82D51D04C7C8006EE8F4 /* MobileConnectSDK.h */,
				A669468A1D4567090014DDF8 /* MobileConnectSDK.podspec */,
				3C3F82D71D04C7C8006EE8F4 /* Info.plist */,
				3C72CF111D0649B700A095ED /* Constants.swift */,
			);
			path = MobileConnectSDK;
			sourceTree = "<group>";
		};
		3C72CF051D05E7A500A095ED /* Services */ = {
			isa = PBXGroup;
			children = (
				6CA7907B1DA68ECC00581CB6 /* UserInfoService */,
				6C3ECA301D93F3C700A58D40 /* RefreshToken */,
				6CB619371D8AB4F9000D01F5 /* RevokeToken */,
				6C4C05251D5E2D2B008B1AB7 /* AttributeService */,
				6C427C631D58DACF0008A744 /* BaseMobileConnect */,
				3C72CF091D05E7D900A095ED /* MobileConnect */,
				3C72CF081D05E7CC00A095ED /* Discovery */,
			);
			path = Services;
			sourceTree = "<group>";
		};
		3C72CF081D05E7CC00A095ED /* Discovery */ = {
			isa = PBXGroup;
			children = (
				CE5BE18A1EDEEDD4005DA7DB /* DiscoveryServiceConfiguration.swift */,
				3C72CF3A1D069D1100A095ED /* DiscoveryService.swift */,
				3C24E7D31D0C323800D7634A /* DSService.swift */,
			);
			path = Discovery;
			sourceTree = "<group>";
		};
		3C72CF091D05E7D900A095ED /* MobileConnect */ = {
			isa = PBXGroup;
			children = (
				A6F8D99A1D36DD3E000F1312 /* Configurations */,
				3C36EF031D0A19D200297A17 /* MobileConnectService.swift */,
				3C24E7C61D0C2D5000D7634A /* MCService.swift */,
				A6F8D9661D33AD96000F1312 /* ScopeValidator.swift */,
			);
			path = MobileConnect;
			sourceTree = "<group>";
		};
		3C72CF3E1D06ACF600A095ED /* Extensions */ = {
			isa = PBXGroup;
			children = (
				A6E6E9F51D75CD9B00DD64B3 /* ExtensionJWTDecoder.swift */,
				A6E6E9E41D75CC4300DD64B3 /* ExtensionString.swift */,
				3C72CF3F1D06AD1900A095ED /* ExtensionNSException.swift */,
				3C72CF471D06D84900A095ED /* ExtensionDictionary.swift */,
				1EF526CE1D367272008C50CC /* ExtensionNSUUID.swift */,
			);
			path = Extensions;
			sourceTree = "<group>";
		};
		3C8F38121D086F6F0051BBB1 /* Networking */ = {
			isa = PBXGroup;
			children = (
				3C8F38131D086F8D0051BBB1 /* RequestConstructor */,
				3C8F38181D086FE00051BBB1 /* Authorizer.swift */,
			);
			path = Networking;
			sourceTree = "<group>";
		};
		3C8F38131D086F8D0051BBB1 /* RequestConstructor */ = {
			isa = PBXGroup;
			children = (
				3C8F38141D086FBB0051BBB1 /* DiscoveryRequestConstructor.swift */,
				3C8F38151D086FBB0051BBB1 /* RequestConstructor.swift */,
				3C36EF051D0A3EFF00297A17 /* MCRequestConstructor.swift */,
				6C5C7ED51D5DC357003D1F7B /* InfoRequestConstructor.swift */,
				6CB6193A1D8ADB49000D01F5 /* RevokeTokenRequestConstructor.swift */,
				6C3ECA2E1D93F03100A58D40 /* RefreshTokenRequestConstructor.swift */,
			);
			path = RequestConstructor;
			sourceTree = "<group>";
		};
		3CD7915C1D04D0E80023FD0A /* Frameworks */ = {
			isa = PBXGroup;
			children = (
				CE272BE11E5C914C005D2F17 /* JSONModel.framework */,
				3C72CF0C1D0606EC00A095ED /* WebKit.framework */,
				66CDD1B33D8731AC7CC57026 /* Pods_DemoSwift.framework */,
				F2409E5CC1E21A952302B257 /* Pods_MobileConnectSDK.framework */,
				B15286BEB32D067DFADBD499 /* Pods_MobileConnectSDKTests.framework */,
				2E13A7A0505164240D57BF30 /* Pods_ExampleAppWithoutDiscovery.framework */,
				D3A0A52DF97341EB9A7E61B3 /* Pods_ExampleAppWithoutDiscoveryTests.framework */,
				EE72C06CC4B20EA9F6BDB122 /* Pods_ExampleAppWithoutDiscoveryUITests.framework */,
			);
			name = Frameworks;
			sourceTree = "<group>";
		};
		3CD791691D056F2E0023FD0A /* Utilities */ = {
			isa = PBXGroup;
			children = (
				A6E6E9EC1D75CD2A00DD64B3 /* ExtensionTokenValidation.swift */,
				A6E6E9EA1D75CD1500DD64B3 /* TokenValidation.swift */,
				A6E6E9DB1D75CC2600DD64B3 /* JWTTools */,
				3C8F38121D086F6F0051BBB1 /* Networking */,
				3C8F38101D0868ED0051BBB1 /* Resources.swift */,
				3C72CF161D064BF100A095ED /* Localizator.swift */,
				3C36EEFF1D09FC3100297A17 /* MobileConnectSDK.swift */,
				6CA790751DA64FE100581CB6 /* LoginHint.swift */,
			);
			path = Utilities;
			sourceTree = "<group>";
		};
		3CD7916F1D05706B0023FD0A /* Views */ = {
			isa = PBXGroup;
			children = (
				3CD791731D0571450023FD0A /* MobileConnectButton.swift */,
			);
			path = Views;
			sourceTree = "<group>";
		};
		3CD791701D0570920023FD0A /* Controllers */ = {
			isa = PBXGroup;
			children = (
				3CD791711D0571250023FD0A /* WebController.swift */,
				3C72CF0A1D05F77100A095ED /* WebControllerProtocol.swift */,
			);
			path = Controllers;
			sourceTree = "<group>";
		};
		6C3ECA301D93F3C700A58D40 /* RefreshToken */ = {
			isa = PBXGroup;
			children = (
				6C3ECA311D93F3E900A58D40 /* RefreshTokenService.swift */,
			);
			path = RefreshToken;
			sourceTree = "<group>";
		};
		6C427C631D58DACF0008A744 /* BaseMobileConnect */ = {
			isa = PBXGroup;
			children = (
				3CCA570A1D64A846004CE16A /* BaseMobileConnectService.swift */,
				3CCA570B1D64A846004CE16A /* BaseMobileConnectServiceExtensions.swift */,
				3CCA570C1D64A846004CE16A /* BaseMobileConnectServiceHelper.swift */,
				3CCA570D1D64A846004CE16A /* BaseServiceConfiguration.swift */,
				6C4C052A1D61FBE6008B1AB7 /* BaseMobileConnectServiceRequest.swift */,
			);
			path = BaseMobileConnect;
			sourceTree = "<group>";
		};
		6C4C05251D5E2D2B008B1AB7 /* AttributeService */ = {
			isa = PBXGroup;
			children = (
				6C4C05281D61CB77008B1AB7 /* AttributeService.swift */,
			);
			path = AttributeService;
			sourceTree = "<group>";
		};
		6CA7907B1DA68ECC00581CB6 /* UserInfoService */ = {
			isa = PBXGroup;
			children = (
				6CA7907C1DA68EF500581CB6 /* UserInfoService.swift */,
			);
			path = UserInfoService;
			sourceTree = "<group>";
		};
		6CB619371D8AB4F9000D01F5 /* RevokeToken */ = {
			isa = PBXGroup;
			children = (
				6CB619381D8AB53C000D01F5 /* RevokeTokenService.swift */,
			);
			path = RevokeToken;
			sourceTree = "<group>";
		};
		A63653B01D20367E00A8A6E2 /* DemoSwift */ = {
			isa = PBXGroup;
			children = (
				CEACC06F1EA4E4730067A4DE /* configure */,
				6CB619291D89826A000D01F5 /* DemoAppViewController.swift */,
				CE4ED9431F482E4000B2B089 /* IndianAppViewController.swift */,
				6CB6192A1D89826A000D01F5 /* WithoutDiscoveryViewController.swift */,
				6CB6192E1D89826A000D01F5 /* MainViewController.swift */,
				6CB6192F1D89826A000D01F5 /* ResultViewController.swift */,
				A63653B11D20367E00A8A6E2 /* AppDelegate.swift */,
				CE4ED9491F48439500B2B089 /* Main.storyboard */,
				A63653B81D20367F00A8A6E2 /* Assets.xcassets */,
				A63653BA1D20367F00A8A6E2 /* LaunchScreen.storyboard */,
				A63653BD1D20367F00A8A6E2 /* Info.plist */,
				CEACC0641EA492D30067A4DE /* RequestOptionsViewController.swift */,
				CE4ED9471F48425900B2B089 /* RequestParamsOfIndianAppViewController.swift */,
				CEACC0661EA496C60067A4DE /* RequestParametersViewController.swift */,
				CEACC0681EA49DBC0067A4DE /* RequestParamsWithoutDiscoveryViewController.swift */,
				CEACC06A1EA4A1510067A4DE /* EndpointConfigurationViewController.swift */,
				CE4ED9451F483D7400B2B089 /* RequestOptionsOfIndianAppViewController.swift */,
			);
			path = DemoSwift;
			sourceTree = "<group>";
		};
		A6DD339E1D2FC4790041FBD9 /* Enums */ = {
			isa = PBXGroup;
			children = (
				A6DD339F1D2FC49B0041FBD9 /* MobileConnectProduct.h */,
				A6DD33A01D2FC49B0041FBD9 /* MobileConnectProduct.m */,
				A6F8D9901D34D56A000F1312 /* ProductType.swift */,
			);
			path = Enums;
			sourceTree = "<group>";
		};
		A6E6E9DB1D75CC2600DD64B3 /* JWTTools */ = {
			isa = PBXGroup;
			children = (
				A6E6E9DC1D75CC3600DD64B3 /* JWTConstants.swift */,
				A6E6E9DD1D75CC3600DD64B3 /* JWTDecoder.swift */,
				A6E6E9DE1D75CC3600DD64B3 /* JWTManager.swift */,
				A6E6E9DF1D75CC3600DD64B3 /* PublicKey.swift */,
			);
			path = JWTTools;
			sourceTree = "<group>";
		};
		A6E6E9F21D75CD6000DD64B3 /* TokenId */ = {
			isa = PBXGroup;
			children = (
				A6E6E9F31D75CD6000DD64B3 /* TokenIdHeaderModel.swift */,
			);
			path = TokenId;
			sourceTree = "<group>";
		};
		A6F8D99A1D36DD3E000F1312 /* Configurations */ = {
			isa = PBXGroup;
			children = (
				A6F8D99B1D36DD69000F1312 /* MobileConnectServiceConfiguration.swift */,
				A6F8D99D1D36DE3A000F1312 /* MCAuthorizationConfiguration.swift */,
			);
			path = Configurations;
			sourceTree = "<group>";
		};
		CEACC06F1EA4E4730067A4DE /* configure */ = {
			isa = PBXGroup;
			children = (
				CEACC06C1EA4E0170067A4DE /* requestParams.plist */,
				CEACC0701EA4E4940067A4DE /* operatorURLs.plist */,
				CEACC0721EA4EB150067A4DE /* requestParamsExampleApp.plist */,
				CE4ED94C1F48517100B2B089 /* requestParamsIndianApp.plist */,
			);
			name = configure;
			sourceTree = "<group>";
		};
/* End PBXGroup section */

/* Begin PBXHeadersBuildPhase section */
		3C3F82CF1D04C7C8006EE8F4 /* Headers */ = {
			isa = PBXHeadersBuildPhase;
			buildActionMask = 2147483647;
			files = (
				3C401A331D0EB36700F73EA5 /* TokenModel.h in Headers */,
				6C552BF41D81645A00395A4E /* AuthorizationConfigurationParameters.h in Headers */,
				6CA790791DA68B2D00581CB6 /* UserInfoResponse.h in Headers */,
				A6B5803D1D24304200640E17 /* MetadataModel.h in Headers */,
				3C401A2B1D0EB36700F73EA5 /* MCModel.h in Headers */,
				A6E6E9E81D75CC6100DD64B3 /* DecodedTokenModel.h in Headers */,
				3C401A371D0EB43600F73EA5 /* TokenResponseModel.h in Headers */,
				3C401A251D0EB36700F73EA5 /* LinkModel.h in Headers */,
				3C401A231D0EB36700F73EA5 /* DiscoveryResponse.h in Headers */,
				A6E6E9F01D75CD4A00DD64B3 /* PublicKeyModel.h in Headers */,
				6C3ECA551D99117C00A58D40 /* RefreshTokenModel.h in Headers */,
				3C401A2D1D0EB36700F73EA5 /* OperatorDataRedirectModel.h in Headers */,
				3C401A211D0EB36700F73EA5 /* AuthorizationModel.h in Headers */,
				6C4C052E1D632C34008B1AB7 /* AttributeResponseModel.h in Headers */,
				3C3F82D61D04C7C8006EE8F4 /* MobileConnectSDK.h in Headers */,
				3C401A1F1D0EB36700F73EA5 /* APISModel.h in Headers */,
				3C401A271D0EB36700F73EA5 /* MCError.h in Headers */,
				CE42FAFD1E38AAF90029BE3B /* DiscoveryOptions.h in Headers */,
				A6DD33A11D2FC49B0041FBD9 /* MobileConnectProduct.h in Headers */,
				CE42FB001E39E4A50029BE3B /* OperatorDataResponse.h in Headers */,
				CE42FAFF1E39DFAA0029BE3B /* OperatorIdModel.h in Headers */,
			);
			runOnlyForDeploymentPostprocessing = 0;
		};
/* End PBXHeadersBuildPhase section */

/* Begin PBXNativeTarget section */
		3C3F82D11D04C7C8006EE8F4 /* MobileConnectSDK */ = {
			isa = PBXNativeTarget;
			buildConfigurationList = 3C3F82E61D04C7C8006EE8F4 /* Build configuration list for PBXNativeTarget "MobileConnectSDK" */;
			buildPhases = (
				0562095C454E3F6F69E8ABBE /* [CP] Check Pods Manifest.lock */,
				097E17891D6728D7002B23E2 /* Lint Check */,
				3C3F82CD1D04C7C8006EE8F4 /* Sources */,
				3C3F82CE1D04C7C8006EE8F4 /* Frameworks */,
				3C3F82CF1D04C7C8006EE8F4 /* Headers */,
				3C3F82D01D04C7C8006EE8F4 /* Resources */,
				DE6E3B6228431D8D8874D78C /* [CP] Copy Pods Resources */,
				A6A980481D203E7300E8C664 /* Embed Frameworks */,
			);
			buildRules = (
			);
			dependencies = (
			);
			name = MobileConnectSDK;
			productName = MobileConnectSDK;
			productReference = 3C3F82D21D04C7C8006EE8F4 /* MobileConnectSDK.framework */;
			productType = "com.apple.product-type.framework";
		};
		A636539F1D20366700A8A6E2 /* MobileConnectSDKTests */ = {
			isa = PBXNativeTarget;
			buildConfigurationList = A63653A81D20366700A8A6E2 /* Build configuration list for PBXNativeTarget "MobileConnectSDKTests" */;
			buildPhases = (
				67A06E05726DEB9864FC83EE /* [CP] Check Pods Manifest.lock */,
				A636539C1D20366700A8A6E2 /* Sources */,
				A636539D1D20366700A8A6E2 /* Frameworks */,
				A636539E1D20366700A8A6E2 /* Resources */,
				1BB1E890426F4EAD96446846 /* [CP] Embed Pods Frameworks */,
				AC555E06DD5A7F4CA761DEF4 /* [CP] Copy Pods Resources */,
				A63653E31D2038AB00A8A6E2 /* Embed Frameworks */,
			);
			buildRules = (
			);
			dependencies = (
				A63653A71D20366700A8A6E2 /* PBXTargetDependency */,
				097E176E1D663AAF002B23E2 /* PBXTargetDependency */,
			);
			name = MobileConnectSDKTests;
			productName = MobileConnectSDKTests;
			productReference = A63653A01D20366700A8A6E2 /* MobileConnectSDKTests.xctest */;
			productType = "com.apple.product-type.bundle.unit-test";
		};
		A63653AE1D20367E00A8A6E2 /* DemoSwift */ = {
			isa = PBXNativeTarget;
			buildConfigurationList = A63653BE1D20367F00A8A6E2 /* Build configuration list for PBXNativeTarget "DemoSwift" */;
			buildPhases = (
				86DBBBE32EF11F132D4D042D /* [CP] Check Pods Manifest.lock */,
				A63653AB1D20367E00A8A6E2 /* Sources */,
				A63653AC1D20367E00A8A6E2 /* Frameworks */,
				A63653AD1D20367E00A8A6E2 /* Resources */,
				EC5AC253E6EE1DA2FA6DF954 /* [CP] Embed Pods Frameworks */,
				794704E22C56CB269D336465 /* [CP] Copy Pods Resources */,
				CE7677C41E9CB54E00D2C7B0 /* Embed Frameworks */,
			);
			buildRules = (
			);
			dependencies = (
				CE7677C31E9CB54E00D2C7B0 /* PBXTargetDependency */,
			);
			name = DemoSwift;
			productName = DemoSwift;
			productReference = A63653AF1D20367E00A8A6E2 /* DemoSwift.app */;
			productType = "com.apple.product-type.application";
		};
/* End PBXNativeTarget section */

/* Begin PBXProject section */
		3C3F82C91D04C7C8006EE8F4 /* Project object */ = {
			isa = PBXProject;
			attributes = {
				LastSwiftUpdateCheck = 0730;
				LastUpgradeCheck = 0730;
				ORGANIZATIONNAME = GSMA;
				TargetAttributes = {
					3C3F82D11D04C7C8006EE8F4 = {
						CreatedOnToolsVersion = 7.3.1;
						DevelopmentTeam = XQYM26FG6F;
						LastSwiftMigration = 0820;
					};
					A636539F1D20366700A8A6E2 = {
						CreatedOnToolsVersion = 7.3.1;
						LastSwiftMigration = 0820;
						TestTargetID = A63653AE1D20367E00A8A6E2;
					};
					A63653AE1D20367E00A8A6E2 = {
						CreatedOnToolsVersion = 7.3.1;
						DevelopmentTeam = XQYM26FG6F;
						LastSwiftMigration = 0820;
					};
				};
			};
			buildConfigurationList = 3C3F82CC1D04C7C8006EE8F4 /* Build configuration list for PBXProject "MobileConnectSDK" */;
			compatibilityVersion = "Xcode 3.2";
			developmentRegion = English;
			hasScannedForEncodings = 0;
			knownRegions = (
				en,
				Base,
			);
			mainGroup = 3C3F82C81D04C7C8006EE8F4;
			productRefGroup = 3C3F82D31D04C7C8006EE8F4 /* Products */;
			projectDirPath = "";
			projectRoot = "";
			targets = (
				3C3F82D11D04C7C8006EE8F4 /* MobileConnectSDK */,
				A636539F1D20366700A8A6E2 /* MobileConnectSDKTests */,
				A63653AE1D20367E00A8A6E2 /* DemoSwift */,
			);
		};
/* End PBXProject section */

/* Begin PBXResourcesBuildPhase section */
		3C3F82D01D04C7C8006EE8F4 /* Resources */ = {
			isa = PBXResourcesBuildPhase;
			buildActionMask = 2147483647;
			files = (
				A6B948A31D5377DD006A8A4E /* .swiftlint.yml in Resources */,
				A669468B1D4567090014DDF8 /* MobileConnectSDK.podspec in Resources */,
				3C36B85D1D05B99800A997E3 /* Images.xcassets in Resources */,
				3C72CF151D064B7500A095ED /* Localizable.strings in Resources */,
				3C36B85F1D05B9A600A997E3 /* WebController.storyboard in Resources */,
			);
			runOnlyForDeploymentPostprocessing = 0;
		};
		A636539E1D20366700A8A6E2 /* Resources */ = {
			isa = PBXResourcesBuildPhase;
			buildActionMask = 2147483647;
			files = (
			);
			runOnlyForDeploymentPostprocessing = 0;
		};
		A63653AD1D20367E00A8A6E2 /* Resources */ = {
			isa = PBXResourcesBuildPhase;
			buildActionMask = 2147483647;
			files = (
				A63653BC1D20367F00A8A6E2 /* LaunchScreen.storyboard in Resources */,
				CE4ED94D1F48517100B2B089 /* requestParamsIndianApp.plist in Resources */,
				CEACC0711EA4E4940067A4DE /* operatorURLs.plist in Resources */,
				A63653B91D20367F00A8A6E2 /* Assets.xcassets in Resources */,
				CE4ED94B1F48439500B2B089 /* Main.storyboard in Resources */,
				CEACC06D1EA4E0170067A4DE /* requestParams.plist in Resources */,
				CEACC0731EA4EB150067A4DE /* requestParamsExampleApp.plist in Resources */,
			);
			runOnlyForDeploymentPostprocessing = 0;
		};
/* End PBXResourcesBuildPhase section */

/* Begin PBXShellScriptBuildPhase section */
		0562095C454E3F6F69E8ABBE /* [CP] Check Pods Manifest.lock */ = {
			isa = PBXShellScriptBuildPhase;
			buildActionMask = 2147483647;
			files = (
			);
			inputPaths = (
				"${PODS_PODFILE_DIR_PATH}/Podfile.lock",
				"${PODS_ROOT}/Manifest.lock",
			);
			name = "[CP] Check Pods Manifest.lock";
			outputPaths = (
				"$(DERIVED_FILE_DIR)/Pods-MobileConnectSDK-checkManifestLockResult.txt",
			);
			runOnlyForDeploymentPostprocessing = 0;
			shellPath = /bin/sh;
			shellScript = "diff \"${PODS_PODFILE_DIR_PATH}/Podfile.lock\" \"${PODS_ROOT}/Manifest.lock\" > /dev/null\nif [ $? != 0 ] ; then\n    # print error to STDERR\n    echo \"error: The sandbox is not in sync with the Podfile.lock. Run 'pod install' or update your CocoaPods installation.\" >&2\n    exit 1\nfi\n# This output is used by Xcode 'outputs' to avoid re-running this script phase.\necho \"SUCCESS\" > \"${SCRIPT_OUTPUT_FILE_0}\"\n";
			showEnvVarsInLog = 0;
		};
		097E17891D6728D7002B23E2 /* Lint Check */ = {
			isa = PBXShellScriptBuildPhase;
			buildActionMask = 2147483647;
			files = (
			);
			inputPaths = (
			);
			name = "Lint Check";
			outputPaths = (
			);
			runOnlyForDeploymentPostprocessing = 0;
			shellPath = /bin/sh;
			shellScript = "if which swiftlint >/dev/null; then\nswiftlint\nelse\necho \"warning: SwiftLint not installed, download from https://github.com/realm/SwiftLint\"\nfi";
		};
		1BB1E890426F4EAD96446846 /* [CP] Embed Pods Frameworks */ = {
			isa = PBXShellScriptBuildPhase;
			buildActionMask = 2147483647;
			files = (
			);
			inputPaths = (
				"${SRCROOT}/Pods/Target Support Files/Pods-MobileConnectSDKTests/Pods-MobileConnectSDKTests-frameworks.sh",
				"${BUILT_PRODUCTS_DIR}/Alamofire-iOS10.0/Alamofire.framework",
				"${BUILT_PRODUCTS_DIR}/Heimdall-iOS10.0/Heimdall.framework",
				"${BUILT_PRODUCTS_DIR}/JSONModel-iOS10.0/JSONModel.framework",
				"${BUILT_PRODUCTS_DIR}/Nimble/Nimble.framework",
				"${BUILT_PRODUCTS_DIR}/Quick/Quick.framework",
				"${BUILT_PRODUCTS_DIR}/Alamofire-iOS9.0/Alamofire.framework",
				"${BUILT_PRODUCTS_DIR}/Heimdall-iOS9.0/Heimdall.framework",
				"${BUILT_PRODUCTS_DIR}/JSONModel-iOS9.0/JSONModel.framework",
			);
			name = "[CP] Embed Pods Frameworks";
			outputPaths = (
				"${TARGET_BUILD_DIR}/${FRAMEWORKS_FOLDER_PATH}/Alamofire.framework",
				"${TARGET_BUILD_DIR}/${FRAMEWORKS_FOLDER_PATH}/Heimdall.framework",
				"${TARGET_BUILD_DIR}/${FRAMEWORKS_FOLDER_PATH}/JSONModel.framework",
				"${TARGET_BUILD_DIR}/${FRAMEWORKS_FOLDER_PATH}/Nimble.framework",
				"${TARGET_BUILD_DIR}/${FRAMEWORKS_FOLDER_PATH}/Quick.framework",
				"${TARGET_BUILD_DIR}/${FRAMEWORKS_FOLDER_PATH}/Alamofire.framework",
				"${TARGET_BUILD_DIR}/${FRAMEWORKS_FOLDER_PATH}/Heimdall.framework",
				"${TARGET_BUILD_DIR}/${FRAMEWORKS_FOLDER_PATH}/JSONModel.framework",
			);
			runOnlyForDeploymentPostprocessing = 0;
			shellPath = /bin/sh;
			shellScript = "\"${SRCROOT}/Pods/Target Support Files/Pods-MobileConnectSDKTests/Pods-MobileConnectSDKTests-frameworks.sh\"\n";
			showEnvVarsInLog = 0;
		};
		67A06E05726DEB9864FC83EE /* [CP] Check Pods Manifest.lock */ = {
			isa = PBXShellScriptBuildPhase;
			buildActionMask = 2147483647;
			files = (
			);
			inputPaths = (
				"${PODS_PODFILE_DIR_PATH}/Podfile.lock",
				"${PODS_ROOT}/Manifest.lock",
			);
			name = "[CP] Check Pods Manifest.lock";
			outputPaths = (
				"$(DERIVED_FILE_DIR)/Pods-MobileConnectSDKTests-checkManifestLockResult.txt",
			);
			runOnlyForDeploymentPostprocessing = 0;
			shellPath = /bin/sh;
			shellScript = "diff \"${PODS_PODFILE_DIR_PATH}/Podfile.lock\" \"${PODS_ROOT}/Manifest.lock\" > /dev/null\nif [ $? != 0 ] ; then\n    # print error to STDERR\n    echo \"error: The sandbox is not in sync with the Podfile.lock. Run 'pod install' or update your CocoaPods installation.\" >&2\n    exit 1\nfi\n# This output is used by Xcode 'outputs' to avoid re-running this script phase.\necho \"SUCCESS\" > \"${SCRIPT_OUTPUT_FILE_0}\"\n";
			showEnvVarsInLog = 0;
		};
		794704E22C56CB269D336465 /* [CP] Copy Pods Resources */ = {
			isa = PBXShellScriptBuildPhase;
			buildActionMask = 2147483647;
			files = (
			);
			inputPaths = (
			);
			name = "[CP] Copy Pods Resources";
			outputPaths = (
			);
			runOnlyForDeploymentPostprocessing = 0;
			shellPath = /bin/sh;
			shellScript = "\"${SRCROOT}/Pods/Target Support Files/Pods-DemoSwift/Pods-DemoSwift-resources.sh\"\n";
			showEnvVarsInLog = 0;
		};
		86DBBBE32EF11F132D4D042D /* [CP] Check Pods Manifest.lock */ = {
			isa = PBXShellScriptBuildPhase;
			buildActionMask = 2147483647;
			files = (
			);
			inputPaths = (
				"${PODS_PODFILE_DIR_PATH}/Podfile.lock",
				"${PODS_ROOT}/Manifest.lock",
			);
			name = "[CP] Check Pods Manifest.lock";
			outputPaths = (
				"$(DERIVED_FILE_DIR)/Pods-DemoSwift-checkManifestLockResult.txt",
			);
			runOnlyForDeploymentPostprocessing = 0;
			shellPath = /bin/sh;
			shellScript = "diff \"${PODS_PODFILE_DIR_PATH}/Podfile.lock\" \"${PODS_ROOT}/Manifest.lock\" > /dev/null\nif [ $? != 0 ] ; then\n    # print error to STDERR\n    echo \"error: The sandbox is not in sync with the Podfile.lock. Run 'pod install' or update your CocoaPods installation.\" >&2\n    exit 1\nfi\n# This output is used by Xcode 'outputs' to avoid re-running this script phase.\necho \"SUCCESS\" > \"${SCRIPT_OUTPUT_FILE_0}\"\n";
			showEnvVarsInLog = 0;
		};
		AC555E06DD5A7F4CA761DEF4 /* [CP] Copy Pods Resources */ = {
			isa = PBXShellScriptBuildPhase;
			buildActionMask = 2147483647;
			files = (
			);
			inputPaths = (
			);
			name = "[CP] Copy Pods Resources";
			outputPaths = (
			);
			runOnlyForDeploymentPostprocessing = 0;
			shellPath = /bin/sh;
			shellScript = "\"${SRCROOT}/Pods/Target Support Files/Pods-MobileConnectSDKTests/Pods-MobileConnectSDKTests-resources.sh\"\n";
			showEnvVarsInLog = 0;
		};
		DE6E3B6228431D8D8874D78C /* [CP] Copy Pods Resources */ = {
			isa = PBXShellScriptBuildPhase;
			buildActionMask = 2147483647;
			files = (
			);
			inputPaths = (
			);
			name = "[CP] Copy Pods Resources";
			outputPaths = (
			);
			runOnlyForDeploymentPostprocessing = 0;
			shellPath = /bin/sh;
			shellScript = "\"${SRCROOT}/Pods/Target Support Files/Pods-MobileConnectSDK/Pods-MobileConnectSDK-resources.sh\"\n";
			showEnvVarsInLog = 0;
		};
		EC5AC253E6EE1DA2FA6DF954 /* [CP] Embed Pods Frameworks */ = {
			isa = PBXShellScriptBuildPhase;
			buildActionMask = 2147483647;
			files = (
			);
			inputPaths = (
				"${SRCROOT}/Pods/Target Support Files/Pods-DemoSwift/Pods-DemoSwift-frameworks.sh",
				"${BUILT_PRODUCTS_DIR}/Alamofire-iOS10.0/Alamofire.framework",
				"${BUILT_PRODUCTS_DIR}/Heimdall-iOS10.0/Heimdall.framework",
				"${BUILT_PRODUCTS_DIR}/JSONModel-iOS10.0/JSONModel.framework",
				"${BUILT_PRODUCTS_DIR}/Alamofire-iOS9.0/Alamofire.framework",
				"${BUILT_PRODUCTS_DIR}/Heimdall-iOS9.0/Heimdall.framework",
				"${BUILT_PRODUCTS_DIR}/JSONModel-iOS9.0/JSONModel.framework",
			);
			name = "[CP] Embed Pods Frameworks";
			outputPaths = (
				"${TARGET_BUILD_DIR}/${FRAMEWORKS_FOLDER_PATH}/Alamofire.framework",
				"${TARGET_BUILD_DIR}/${FRAMEWORKS_FOLDER_PATH}/Heimdall.framework",
				"${TARGET_BUILD_DIR}/${FRAMEWORKS_FOLDER_PATH}/JSONModel.framework",
				"${TARGET_BUILD_DIR}/${FRAMEWORKS_FOLDER_PATH}/Alamofire.framework",
				"${TARGET_BUILD_DIR}/${FRAMEWORKS_FOLDER_PATH}/Heimdall.framework",
				"${TARGET_BUILD_DIR}/${FRAMEWORKS_FOLDER_PATH}/JSONModel.framework",
			);
			runOnlyForDeploymentPostprocessing = 0;
			shellPath = /bin/sh;
			shellScript = "\"${SRCROOT}/Pods/Target Support Files/Pods-DemoSwift/Pods-DemoSwift-frameworks.sh\"\n";
			showEnvVarsInLog = 0;
		};
/* End PBXShellScriptBuildPhase section */

/* Begin PBXSourcesBuildPhase section */
		3C3F82CD1D04C7C8006EE8F4 /* Sources */ = {
			isa = PBXSourcesBuildPhase;
			buildActionMask = 2147483647;
			files = (
				A6E6E9ED1D75CD2A00DD64B3 /* ExtensionTokenValidation.swift in Sources */,
				CE74B7231E420D5600A7568D /* MobileConnectManagerWithoutCall.swift in Sources */,
				A6E6E9E91D75CC6100DD64B3 /* DecodedTokenModel.m in Sources */,
				6C3ECA321D93F3E900A58D40 /* RefreshTokenService.swift in Sources */,
				3C72CF121D0649B700A095ED /* Constants.swift in Sources */,
				1EF526CF1D367272008C50CC /* ExtensionNSUUID.swift in Sources */,
				3C401A341D0EB36700F73EA5 /* TokenModel.m in Sources */,
				3CCA570F1D64A846004CE16A /* BaseMobileConnectServiceExtensions.swift in Sources */,
				3C72CF3B1D069D1100A095ED /* DiscoveryService.swift in Sources */,
				6C552BF51D81645A00395A4E /* AuthorizationConfigurationParameters.m in Sources */,
				A6F8D9671D33AD96000F1312 /* ScopeValidator.swift in Sources */,
				3C401A261D0EB36700F73EA5 /* LinkModel.m in Sources */,
				A6F8D99E1D36DE3A000F1312 /* MCAuthorizationConfiguration.swift in Sources */,
				6C4C05291D61CB77008B1AB7 /* AttributeService.swift in Sources */,
				3C72CF171D064BF100A095ED /* Localizator.swift in Sources */,
				A6E6E9F11D75CD4A00DD64B3 /* PublicKeyModel.m in Sources */,
				A6E6E9E31D75CC3600DD64B3 /* PublicKey.swift in Sources */,
				A6E6E9F61D75CD9B00DD64B3 /* ExtensionJWTDecoder.swift in Sources */,
				3C7B07F81D3626DA009225AC /* ExtensionMetadataModel.swift in Sources */,
				3CCA57101D64A846004CE16A /* BaseMobileConnectServiceHelper.swift in Sources */,
				3C24E7D41D0C323800D7634A /* DSService.swift in Sources */,
				A6E6E9E21D75CC3600DD64B3 /* JWTManager.swift in Sources */,
				3C401A221D0EB36700F73EA5 /* AuthorizationModel.m in Sources */,
				3C401A241D0EB36700F73EA5 /* DiscoveryResponse.m in Sources */,
				6C5C7ED61D5DC357003D1F7B /* InfoRequestConstructor.swift in Sources */,
				3C8F38171D086FBB0051BBB1 /* RequestConstructor.swift in Sources */,
				3C401A321D0EB36700F73EA5 /* OperatorIdModel.m in Sources */,
				3C8F38161D086FBB0051BBB1 /* DiscoveryRequestConstructor.swift in Sources */,
				A6F8D9911D34D56A000F1312 /* ProductType.swift in Sources */,
				3C72CF401D06AD1900A095ED /* ExtensionNSException.swift in Sources */,
				6C4C052B1D61FBE6008B1AB7 /* BaseMobileConnectServiceRequest.swift in Sources */,
				6C4C052F1D632C34008B1AB7 /* AttributeResponseModel.m in Sources */,
				A6B5803E1D24304200640E17 /* MetadataModel.m in Sources */,
				3CCA570E1D64A846004CE16A /* BaseMobileConnectService.swift in Sources */,
				3C72CF481D06D84900A095ED /* ExtensionDictionary.swift in Sources */,
				3C401A381D0EB43600F73EA5 /* TokenResponseModel.m in Sources */,
				3CCA57111D64A846004CE16A /* BaseServiceConfiguration.swift in Sources */,
				CE42FAEF1E375E8E0029BE3B /* DiscoveryOptions.m in Sources */,
				3C24E7C71D0C2D5000D7634A /* MCService.swift in Sources */,
				6CB619391D8AB53C000D01F5 /* RevokeTokenService.swift in Sources */,
				6CB6193B1D8ADB49000D01F5 /* RevokeTokenRequestConstructor.swift in Sources */,
				3C401A2E1D0EB36700F73EA5 /* OperatorDataRedirectModel.m in Sources */,
				A6E6E9E01D75CC3600DD64B3 /* JWTConstants.swift in Sources */,
				3C401A301D0EB36700F73EA5 /* OperatorDataResponse.m in Sources */,
				3C8F38191D086FE00051BBB1 /* Authorizer.swift in Sources */,
				3C36EF001D09FC3100297A17 /* MobileConnectSDK.swift in Sources */,
				6CA7907A1DA68B2D00581CB6 /* UserInfoResponse.m in Sources */,
				3C401A281D0EB36700F73EA5 /* MCError.m in Sources */,
				6CA7907D1DA68EF500581CB6 /* UserInfoService.swift in Sources */,
				A6E6E9F41D75CD6000DD64B3 /* TokenIdHeaderModel.swift in Sources */,
				6C3ECA561D99117C00A58D40 /* RefreshTokenModel.m in Sources */,
				3C36EF041D0A19D200297A17 /* MobileConnectService.swift in Sources */,
				CE5BE18B1EDEEDD4005DA7DB /* DiscoveryServiceConfiguration.swift in Sources */,
				3C36EF061D0A3EFF00297A17 /* MCRequestConstructor.swift in Sources */,
				3CD791741D0571450023FD0A /* MobileConnectButton.swift in Sources */,
				3C72CF0B1D05F77100A095ED /* WebControllerProtocol.swift in Sources */,
				3C401A201D0EB36700F73EA5 /* APISModel.m in Sources */,
				A6E6E9EB1D75CD1500DD64B3 /* TokenValidation.swift in Sources */,
				A6E6E9E11D75CC3600DD64B3 /* JWTDecoder.swift in Sources */,
				A6E6E9E51D75CC4300DD64B3 /* ExtensionString.swift in Sources */,
				3C36B8661D05BFE000A997E3 /* MobileConnectManager.swift in Sources */,
				A6DD33A21D2FC49B0041FBD9 /* MobileConnectProduct.m in Sources */,
				A6F8D99C1D36DD69000F1312 /* MobileConnectServiceConfiguration.swift in Sources */,
				3CD791721D0571250023FD0A /* WebController.swift in Sources */,
				6C3ECA2F1D93F03100A58D40 /* RefreshTokenRequestConstructor.swift in Sources */,
				3C8F38111D0868ED0051BBB1 /* Resources.swift in Sources */,
				6CA790761DA64FE100581CB6 /* LoginHint.swift in Sources */,
				A6B5803A1D241E5700640E17 /* ExtensionDiscoveryResponse.swift in Sources */,
				3C401A2C1D0EB36700F73EA5 /* MCModel.m in Sources */,
			);
			runOnlyForDeploymentPostprocessing = 0;
		};
		A636539C1D20366700A8A6E2 /* Sources */ = {
			isa = PBXSourcesBuildPhase;
			buildActionMask = 2147483647;
			files = (
			);
			runOnlyForDeploymentPostprocessing = 0;
		};
		A63653AB1D20367E00A8A6E2 /* Sources */ = {
			isa = PBXSourcesBuildPhase;
			buildActionMask = 2147483647;
			files = (
				CEACC06B1EA4A1510067A4DE /* EndpointConfigurationViewController.swift in Sources */,
				A63653B21D20367E00A8A6E2 /* AppDelegate.swift in Sources */,
				6CB619361D89826A000D01F5 /* ResultViewController.swift in Sources */,
				CE4ED9461F483D7400B2B089 /* RequestOptionsOfIndianAppViewController.swift in Sources */,
				CE4ED9481F48425900B2B089 /* RequestParamsOfIndianAppViewController.swift in Sources */,
				CEACC0671EA496C70067A4DE /* RequestParametersViewController.swift in Sources */,
				6CB619351D89826A000D01F5 /* MainViewController.swift in Sources */,
				CE4ED9441F482E4000B2B089 /* IndianAppViewController.swift in Sources */,
				CEACC0651EA492D30067A4DE /* RequestOptionsViewController.swift in Sources */,
				CEACC0691EA49DBC0067A4DE /* RequestParamsWithoutDiscoveryViewController.swift in Sources */,
				6CB619301D89826A000D01F5 /* DemoAppViewController.swift in Sources */,
				6CB619311D89826A000D01F5 /* WithoutDiscoveryViewController.swift in Sources */,
			);
			runOnlyForDeploymentPostprocessing = 0;
		};
/* End PBXSourcesBuildPhase section */

/* Begin PBXTargetDependency section */
		097E176E1D663AAF002B23E2 /* PBXTargetDependency */ = {
			isa = PBXTargetDependency;
			target = A63653AE1D20367E00A8A6E2 /* DemoSwift */;
			targetProxy = 097E176D1D663AAF002B23E2 /* PBXContainerItemProxy */;
		};
		A63653A71D20366700A8A6E2 /* PBXTargetDependency */ = {
			isa = PBXTargetDependency;
			target = 3C3F82D11D04C7C8006EE8F4 /* MobileConnectSDK */;
			targetProxy = A63653A61D20366700A8A6E2 /* PBXContainerItemProxy */;
		};
		CE7677C31E9CB54E00D2C7B0 /* PBXTargetDependency */ = {
			isa = PBXTargetDependency;
			target = 3C3F82D11D04C7C8006EE8F4 /* MobileConnectSDK */;
			targetProxy = CE7677C21E9CB54E00D2C7B0 /* PBXContainerItemProxy */;
		};
/* End PBXTargetDependency section */

/* Begin PBXVariantGroup section */
		A63653BA1D20367F00A8A6E2 /* LaunchScreen.storyboard */ = {
			isa = PBXVariantGroup;
			children = (
				A63653BB1D20367F00A8A6E2 /* Base */,
			);
			name = LaunchScreen.storyboard;
			sourceTree = "<group>";
		};
		CE4ED9491F48439500B2B089 /* Main.storyboard */ = {
			isa = PBXVariantGroup;
			children = (
				CE4ED94A1F48439500B2B089 /* Base */,
			);
			name = Main.storyboard;
			path = ..;
			sourceTree = "<group>";
		};
/* End PBXVariantGroup section */

/* Begin XCBuildConfiguration section */
		3C3F82E41D04C7C8006EE8F4 /* Debug */ = {
			isa = XCBuildConfiguration;
			buildSettings = {
				ALWAYS_SEARCH_USER_PATHS = NO;
				CLANG_ALLOW_NON_MODULAR_INCLUDES_IN_FRAMEWORK_MODULES = YES;
				CLANG_ANALYZER_NONNULL = YES;
				CLANG_CXX_LANGUAGE_STANDARD = "gnu++0x";
				CLANG_CXX_LIBRARY = "libc++";
				CLANG_ENABLE_MODULES = YES;
				CLANG_ENABLE_OBJC_ARC = YES;
				CLANG_WARN_BOOL_CONVERSION = YES;
				CLANG_WARN_CONSTANT_CONVERSION = YES;
				CLANG_WARN_DIRECT_OBJC_ISA_USAGE = YES_ERROR;
				CLANG_WARN_EMPTY_BODY = YES;
				CLANG_WARN_ENUM_CONVERSION = YES;
				CLANG_WARN_INT_CONVERSION = YES;
				CLANG_WARN_OBJC_ROOT_CLASS = YES_ERROR;
				CLANG_WARN_UNREACHABLE_CODE = YES;
				CLANG_WARN__DUPLICATE_METHOD_MATCH = YES;
				"CODE_SIGN_IDENTITY[sdk=iphoneos*]" = "iPhone Developer";
				COPY_PHASE_STRIP = NO;
				CURRENT_PROJECT_VERSION = 1;
				DEBUG_INFORMATION_FORMAT = dwarf;
				DEFINES_MODULE = YES;
				EMBEDDED_CONTENT_CONTAINS_SWIFT = "$(inherited)";
				ENABLE_STRICT_OBJC_MSGSEND = YES;
				ENABLE_TESTABILITY = YES;
				GCC_C_LANGUAGE_STANDARD = gnu99;
				GCC_DYNAMIC_NO_PIC = NO;
				GCC_NO_COMMON_BLOCKS = YES;
				GCC_OPTIMIZATION_LEVEL = 0;
				GCC_PREPROCESSOR_DEFINITIONS = (
					"DEBUG=1",
					"$(inherited)",
				);
				GCC_WARN_64_TO_32_BIT_CONVERSION = YES;
				GCC_WARN_ABOUT_RETURN_TYPE = YES_ERROR;
				GCC_WARN_UNDECLARED_SELECTOR = YES;
				GCC_WARN_UNINITIALIZED_AUTOS = YES_AGGRESSIVE;
				GCC_WARN_UNUSED_FUNCTION = YES;
				GCC_WARN_UNUSED_VARIABLE = YES;
				IPHONEOS_DEPLOYMENT_TARGET = 10.0;
				MTL_ENABLE_DEBUG_INFO = YES;
				ONLY_ACTIVE_ARCH = NO;
				SDKROOT = iphoneos10.1;
				SWIFT_INSTALL_OBJC_HEADER = YES;
				SWIFT_OPTIMIZATION_LEVEL = "-Onone";
				TARGETED_DEVICE_FAMILY = "1,2";
				VERSIONING_SYSTEM = "apple-generic";
				VERSION_INFO_PREFIX = "";
			};
			name = Debug;
		};
		3C3F82E51D04C7C8006EE8F4 /* Release */ = {
			isa = XCBuildConfiguration;
			buildSettings = {
				ALWAYS_SEARCH_USER_PATHS = NO;
				CLANG_ALLOW_NON_MODULAR_INCLUDES_IN_FRAMEWORK_MODULES = YES;
				CLANG_ANALYZER_NONNULL = YES;
				CLANG_CXX_LANGUAGE_STANDARD = "gnu++0x";
				CLANG_CXX_LIBRARY = "libc++";
				CLANG_ENABLE_MODULES = YES;
				CLANG_ENABLE_OBJC_ARC = YES;
				CLANG_WARN_BOOL_CONVERSION = YES;
				CLANG_WARN_CONSTANT_CONVERSION = YES;
				CLANG_WARN_DIRECT_OBJC_ISA_USAGE = YES_ERROR;
				CLANG_WARN_EMPTY_BODY = YES;
				CLANG_WARN_ENUM_CONVERSION = YES;
				CLANG_WARN_INT_CONVERSION = YES;
				CLANG_WARN_OBJC_ROOT_CLASS = YES_ERROR;
				CLANG_WARN_UNREACHABLE_CODE = YES;
				CLANG_WARN__DUPLICATE_METHOD_MATCH = YES;
				"CODE_SIGN_IDENTITY[sdk=iphoneos*]" = "iPhone Developer";
				COPY_PHASE_STRIP = NO;
				CURRENT_PROJECT_VERSION = 1;
				DEBUG_INFORMATION_FORMAT = "dwarf-with-dsym";
				DEFINES_MODULE = YES;
				EMBEDDED_CONTENT_CONTAINS_SWIFT = "$(inherited)";
				ENABLE_NS_ASSERTIONS = NO;
				ENABLE_STRICT_OBJC_MSGSEND = YES;
				GCC_C_LANGUAGE_STANDARD = gnu99;
				GCC_NO_COMMON_BLOCKS = YES;
				GCC_WARN_64_TO_32_BIT_CONVERSION = YES;
				GCC_WARN_ABOUT_RETURN_TYPE = YES_ERROR;
				GCC_WARN_UNDECLARED_SELECTOR = YES;
				GCC_WARN_UNINITIALIZED_AUTOS = YES_AGGRESSIVE;
				GCC_WARN_UNUSED_FUNCTION = YES;
				GCC_WARN_UNUSED_VARIABLE = YES;
				IPHONEOS_DEPLOYMENT_TARGET = 10.0;
				MTL_ENABLE_DEBUG_INFO = NO;
				ONLY_ACTIVE_ARCH = NO;
				SDKROOT = iphoneos10.1;
				SWIFT_INSTALL_OBJC_HEADER = YES;
				TARGETED_DEVICE_FAMILY = "1,2";
				VALIDATE_PRODUCT = YES;
				VERSIONING_SYSTEM = "apple-generic";
				VERSION_INFO_PREFIX = "";
			};
			name = Release;
		};
		3C3F82E71D04C7C8006EE8F4 /* Debug */ = {
			isa = XCBuildConfiguration;
			baseConfigurationReference = 6946C55DE1BE28D15ADF107A /* Pods-MobileConnectSDK.debug.xcconfig */;
			buildSettings = {
				CLANG_ALLOW_NON_MODULAR_INCLUDES_IN_FRAMEWORK_MODULES = YES;
				CLANG_ENABLE_MODULES = YES;
				CODE_SIGN_IDENTITY = "iPhone Developer";
				"CODE_SIGN_IDENTITY[sdk=iphoneos*]" = "iPhone Developer";
				DEFINES_MODULE = YES;
				DEVELOPMENT_TEAM = XQYM26FG6F;
				DYLIB_COMPATIBILITY_VERSION = 1;
				DYLIB_CURRENT_VERSION = 1;
				DYLIB_INSTALL_NAME_BASE = "@rpath";
				EMBEDDED_CONTENT_CONTAINS_SWIFT = "$(inherited)";
				FRAMEWORK_SEARCH_PATHS = "$(inherited)";
				INFOPLIST_FILE = MobileConnectSDK/Info.plist;
				INSTALL_PATH = "$(LOCAL_LIBRARY_DIR)/Frameworks";
				IPHONEOS_DEPLOYMENT_TARGET = 9.0;
				ONLY_ACTIVE_ARCH = YES;
				PRODUCT_BUNDLE_IDENTIFIER = com.GSMA.MobileConnectSDK;
				PRODUCT_NAME = "$(TARGET_NAME)";
				SKIP_INSTALL = YES;
				SWIFT_OBJC_BRIDGING_HEADER = "";
				SWIFT_OPTIMIZATION_LEVEL = "-Onone";
				SWIFT_VERSION = 3.0;
			};
			name = Debug;
		};
		3C3F82E81D04C7C8006EE8F4 /* Release */ = {
			isa = XCBuildConfiguration;
			baseConfigurationReference = F39391B82183A73D5C0A3EC0 /* Pods-MobileConnectSDK.release.xcconfig */;
			buildSettings = {
				CLANG_ALLOW_NON_MODULAR_INCLUDES_IN_FRAMEWORK_MODULES = YES;
				CLANG_ENABLE_MODULES = YES;
				CODE_SIGN_IDENTITY = "iPhone Developer";
				"CODE_SIGN_IDENTITY[sdk=iphoneos*]" = "iPhone Developer";
				DEFINES_MODULE = YES;
				DEVELOPMENT_TEAM = XQYM26FG6F;
				DYLIB_COMPATIBILITY_VERSION = 1;
				DYLIB_CURRENT_VERSION = 1;
				DYLIB_INSTALL_NAME_BASE = "@rpath";
				EMBEDDED_CONTENT_CONTAINS_SWIFT = "$(inherited)";
				FRAMEWORK_SEARCH_PATHS = "$(inherited)";
				INFOPLIST_FILE = MobileConnectSDK/Info.plist;
				INSTALL_PATH = "$(LOCAL_LIBRARY_DIR)/Frameworks";
				IPHONEOS_DEPLOYMENT_TARGET = 9.0;
				ONLY_ACTIVE_ARCH = NO;
				PRODUCT_BUNDLE_IDENTIFIER = com.GSMA.MobileConnectSDK;
				PRODUCT_NAME = "$(TARGET_NAME)";
				SKIP_INSTALL = YES;
				SWIFT_OBJC_BRIDGING_HEADER = "";
				SWIFT_VERSION = 3.0;
			};
			name = Release;
		};
		A63653A91D20366700A8A6E2 /* Debug */ = {
			isa = XCBuildConfiguration;
			baseConfigurationReference = A07BC796172E63350D186EAF /* Pods-MobileConnectSDKTests.debug.xcconfig */;
			buildSettings = {
				CLANG_ENABLE_MODULES = YES;
				EMBEDDED_CONTENT_CONTAINS_SWIFT = "$(inherited)";
				FRAMEWORK_SEARCH_PATHS = "$(inherited)";
				INFOPLIST_FILE = MobileConnectSDKTests/Info.plist;
				ONLY_ACTIVE_ARCH = YES;
				PRODUCT_BUNDLE_IDENTIFIER = com.GSMA.MobileConnectSDKTests;
				PRODUCT_NAME = "$(TARGET_NAME)";
				SWIFT_OBJC_BRIDGING_HEADER = "MobileConnectSDKTests/MobileConnectManager/MobileConnectSDKTests-Bridging-Header.h";
				SWIFT_OPTIMIZATION_LEVEL = "-Onone";
				SWIFT_VERSION = 3.0;
				TEST_HOST = "$(BUILT_PRODUCTS_DIR)/DemoSwift.app/DemoSwift";
			};
			name = Debug;
		};
		A63653AA1D20366700A8A6E2 /* Release */ = {
			isa = XCBuildConfiguration;
			baseConfigurationReference = 998ED7F6C9A028C0234D6044 /* Pods-MobileConnectSDKTests.release.xcconfig */;
			buildSettings = {
				CLANG_ENABLE_MODULES = YES;
				EMBEDDED_CONTENT_CONTAINS_SWIFT = "$(inherited)";
				FRAMEWORK_SEARCH_PATHS = "$(inherited)";
				INFOPLIST_FILE = MobileConnectSDKTests/Info.plist;
				ONLY_ACTIVE_ARCH = NO;
				PRODUCT_BUNDLE_IDENTIFIER = com.GSMA.MobileConnectSDKTests;
				PRODUCT_NAME = "$(TARGET_NAME)";
				SWIFT_OBJC_BRIDGING_HEADER = "MobileConnectSDKTests/MobileConnectManager/MobileConnectSDKTests-Bridging-Header.h";
				SWIFT_VERSION = 3.0;
				TEST_HOST = "$(BUILT_PRODUCTS_DIR)/DemoSwift.app/DemoSwift";
			};
			name = Release;
		};
		A63653BF1D20367F00A8A6E2 /* Debug */ = {
			isa = XCBuildConfiguration;
			baseConfigurationReference = 65C9A26FE8C2C3C593CE8ECE /* Pods-DemoSwift.debug.xcconfig */;
			buildSettings = {
				ALWAYS_EMBED_SWIFT_STANDARD_LIBRARIES = YES;
				ASSETCATALOG_COMPILER_APPICON_NAME = AppIcon;
				CODE_SIGN_IDENTITY = "iPhone Developer";
				"CODE_SIGN_IDENTITY[sdk=iphoneos*]" = "iPhone Developer";
				DEVELOPMENT_TEAM = XQYM26FG6F;
				EMBEDDED_CONTENT_CONTAINS_SWIFT = "$(inherited)";
				ENABLE_BITCODE = NO;
				FRAMEWORK_SEARCH_PATHS = "$(inherited)";
				HEADER_SEARCH_PATHS = "$(PROJECT_DIR)/MobileConnectSDK/Models";
				INFOPLIST_FILE = DemoSwift/Info.plist;
				IPHONEOS_DEPLOYMENT_TARGET = 10.0;
				LD_RUNPATH_SEARCH_PATHS = "$(inherited) @executable_path/Frameworks";
				ONLY_ACTIVE_ARCH = YES;
				PRODUCT_BUNDLE_IDENTIFIER = a1qa.DemoSwift;
				PRODUCT_NAME = "$(TARGET_NAME)";
				SDKROOT = iphoneos10.2;
				SWIFT_OBJC_BRIDGING_HEADER = "";
				SWIFT_VERSION = 3.0;
				TARGETED_DEVICE_FAMILY = 1;
			};
			name = Debug;
		};
		A63653C01D20367F00A8A6E2 /* Release */ = {
			isa = XCBuildConfiguration;
			baseConfigurationReference = 0C4FBB98E0D64322CA027E03 /* Pods-DemoSwift.release.xcconfig */;
			buildSettings = {
				ALWAYS_EMBED_SWIFT_STANDARD_LIBRARIES = YES;
				ASSETCATALOG_COMPILER_APPICON_NAME = AppIcon;
				CODE_SIGN_IDENTITY = "iPhone Developer";
				"CODE_SIGN_IDENTITY[sdk=iphoneos*]" = "iPhone Developer";
				DEVELOPMENT_TEAM = XQYM26FG6F;
				EMBEDDED_CONTENT_CONTAINS_SWIFT = "$(inherited)";
				ENABLE_BITCODE = NO;
				FRAMEWORK_SEARCH_PATHS = "$(inherited)";
				HEADER_SEARCH_PATHS = "$(PROJECT_DIR)/MobileConnectSDK/Models";
				INFOPLIST_FILE = DemoSwift/Info.plist;
				IPHONEOS_DEPLOYMENT_TARGET = 10.0;
				LD_RUNPATH_SEARCH_PATHS = "$(inherited) @executable_path/Frameworks";
				ONLY_ACTIVE_ARCH = YES;
				PRODUCT_BUNDLE_IDENTIFIER = a1qa.DemoSwift;
				PRODUCT_NAME = "$(TARGET_NAME)";
				SDKROOT = iphoneos10.2;
				SWIFT_OBJC_BRIDGING_HEADER = "";
				SWIFT_VERSION = 3.0;
				TARGETED_DEVICE_FAMILY = 1;
			};
			name = Release;
		};
/* End XCBuildConfiguration section */

/* Begin XCConfigurationList section */
		3C3F82CC1D04C7C8006EE8F4 /* Build configuration list for PBXProject "MobileConnectSDK" */ = {
			isa = XCConfigurationList;
			buildConfigurations = (
				3C3F82E41D04C7C8006EE8F4 /* Debug */,
				3C3F82E51D04C7C8006EE8F4 /* Release */,
			);
			defaultConfigurationIsVisible = 0;
			defaultConfigurationName = Debug;
		};
		3C3F82E61D04C7C8006EE8F4 /* Build configuration list for PBXNativeTarget "MobileConnectSDK" */ = {
			isa = XCConfigurationList;
			buildConfigurations = (
				3C3F82E71D04C7C8006EE8F4 /* Debug */,
				3C3F82E81D04C7C8006EE8F4 /* Release */,
			);
			defaultConfigurationIsVisible = 0;
			defaultConfigurationName = Debug;
		};
		A63653A81D20366700A8A6E2 /* Build configuration list for PBXNativeTarget "MobileConnectSDKTests" */ = {
			isa = XCConfigurationList;
			buildConfigurations = (
				A63653A91D20366700A8A6E2 /* Debug */,
				A63653AA1D20366700A8A6E2 /* Release */,
			);
			defaultConfigurationIsVisible = 0;
			defaultConfigurationName = Debug;
		};
		A63653BE1D20367F00A8A6E2 /* Build configuration list for PBXNativeTarget "DemoSwift" */ = {
			isa = XCConfigurationList;
			buildConfigurations = (
				A63653BF1D20367F00A8A6E2 /* Debug */,
				A63653C01D20367F00A8A6E2 /* Release */,
			);
			defaultConfigurationIsVisible = 0;
			defaultConfigurationName = Debug;
		};
/* End XCConfigurationList section */
	};
	rootObject = 3C3F82C91D04C7C8006EE8F4 /* Project object */;
}
